// !$*UTF8*$!
{
	archiveVersion = 1;
	classes = {
	};
	objectVersion = 56;
	objects = {

/* Begin PBXBuildFile section */
		65011C492A75E45700E36090 /* ProjectNavigationStack.swift in Sources */ = {isa = PBXBuildFile; fileRef = 65011C482A75E45700E36090 /* ProjectNavigationStack.swift */; };
		65011C4B2A75E8E700E36090 /* AppNavigation.swift in Sources */ = {isa = PBXBuildFile; fileRef = 65011C4A2A75E8E700E36090 /* AppNavigation.swift */; };
		65011C4D2A75EFD700E36090 /* AppSidebar.swift in Sources */ = {isa = PBXBuildFile; fileRef = 65011C4C2A75EFD700E36090 /* AppSidebar.swift */; };
		6518916429A5372200ACE985 /* AppIconImageView.swift in Sources */ = {isa = PBXBuildFile; fileRef = 6518916329A5372200ACE985 /* AppIconImageView.swift */; };
		6518916629A5387300ACE985 /* StorageKey.swift in Sources */ = {isa = PBXBuildFile; fileRef = 6518916529A5387300ACE985 /* StorageKey.swift */; };
		651CE21B28F85FF100E1B248 /* Localizable.strings in Resources */ = {isa = PBXBuildFile; fileRef = 651CE21A28F85FF100E1B248 /* Localizable.strings */; };
		652437352A783AFD00C839C9 /* StopwatchSafeAreaInset.swift in Sources */ = {isa = PBXBuildFile; fileRef = 652437342A783AFD00C839C9 /* StopwatchSafeAreaInset.swift */; };
		652AE95028D6550E0001294F /* Tracker.swift in Sources */ = {isa = PBXBuildFile; fileRef = 652AE94F28D6550E0001294F /* Tracker.swift */; };
		652BFD01295F367000179792 /* View+Extension.swift in Sources */ = {isa = PBXBuildFile; fileRef = 652BFD00295F367000179792 /* View+Extension.swift */; };
		652D025628D79DA300F818E7 /* ProjectSessions.swift in Sources */ = {isa = PBXBuildFile; fileRef = 652D025528D79DA300F818E7 /* ProjectSessions.swift */; };
		652D025828D79F9000F818E7 /* TimerTimelineView.swift in Sources */ = {isa = PBXBuildFile; fileRef = 652D025728D79F9000F818E7 /* TimerTimelineView.swift */; };
		653899D529A3B690008E39B4 /* LabelsView.swift in Sources */ = {isa = PBXBuildFile; fileRef = 653899D429A3B690008E39B4 /* LabelsView.swift */; };
		653899D729A3BE3B008E39B4 /* AppIconView.swift in Sources */ = {isa = PBXBuildFile; fileRef = 653899D629A3BE3B008E39B4 /* AppIconView.swift */; };
		653899DB29A449AE008E39B4 /* AppIcon.swift in Sources */ = {isa = PBXBuildFile; fileRef = 653899DA29A449AE008E39B4 /* AppIcon.swift */; };
		653B2DDD2976502400EAD9CD /* MostRecentlyTracked.swift in Sources */ = {isa = PBXBuildFile; fileRef = 653B2DDC2976502400EAD9CD /* MostRecentlyTracked.swift */; };
		65464D2128F26B74008E1EE6 /* UpdateNameView.swift in Sources */ = {isa = PBXBuildFile; fileRef = 65464D2028F26B74008E1EE6 /* UpdateNameView.swift */; };
		6560598F296A04740075C353 /* Date+Extension.swift in Sources */ = {isa = PBXBuildFile; fileRef = 65F4A7312966826E00CABB3C /* Date+Extension.swift */; };
		6560AC30291AA2AB0047E2C6 /* QueryView.swift in Sources */ = {isa = PBXBuildFile; fileRef = 6560AC2F291AA2AB0047E2C6 /* QueryView.swift */; };
		6560AC35291AF6660047E2C6 /* SessionDetail.swift in Sources */ = {isa = PBXBuildFile; fileRef = 6560AC34291AF6660047E2C6 /* SessionDetail.swift */; };
		6560AC37291AFD110047E2C6 /* SessionRow.swift in Sources */ = {isa = PBXBuildFile; fileRef = 6560AC36291AFD110047E2C6 /* SessionRow.swift */; };
		6572FFB829981A96006493DB /* SessionLabelController.swift in Sources */ = {isa = PBXBuildFile; fileRef = 6572FFB729981A96006493DB /* SessionLabelController.swift */; };
		659FDA6D28E28EC900899A2E /* ProjectRow.swift in Sources */ = {isa = PBXBuildFile; fileRef = 659FDA6C28E28EC900899A2E /* ProjectRow.swift */; };
		65A51C1A294FBD1A00A3B960 /* WidgetKit.framework in Frameworks */ = {isa = PBXBuildFile; fileRef = 65A51C19294FBD1A00A3B960 /* WidgetKit.framework */; };
		65A51C1C294FBD1A00A3B960 /* SwiftUI.framework in Frameworks */ = {isa = PBXBuildFile; fileRef = 65A51C1B294FBD1A00A3B960 /* SwiftUI.framework */; };
		65A51C1F294FBD1A00A3B960 /* SaveNineWidgetBundle.swift in Sources */ = {isa = PBXBuildFile; fileRef = 65A51C1E294FBD1A00A3B960 /* SaveNineWidgetBundle.swift */; };
		65A51C21294FBD1A00A3B960 /* SaveNineWidgetLiveActivity.swift in Sources */ = {isa = PBXBuildFile; fileRef = 65A51C20294FBD1A00A3B960 /* SaveNineWidgetLiveActivity.swift */; };
		65A51C23294FBD1A00A3B960 /* LastTrackedWidget.swift in Sources */ = {isa = PBXBuildFile; fileRef = 65A51C22294FBD1A00A3B960 /* LastTrackedWidget.swift */; };
		65A51C26294FBD1A00A3B960 /* Assets.xcassets in Resources */ = {isa = PBXBuildFile; fileRef = 65A51C25294FBD1A00A3B960 /* Assets.xcassets */; };
		65A51C28294FBD1A00A3B960 /* SaveNineWidget.intentdefinition in Sources */ = {isa = PBXBuildFile; fileRef = 65A51C24294FBD1A00A3B960 /* SaveNineWidget.intentdefinition */; };
		65A51C29294FBD1A00A3B960 /* SaveNineWidget.intentdefinition in Sources */ = {isa = PBXBuildFile; fileRef = 65A51C24294FBD1A00A3B960 /* SaveNineWidget.intentdefinition */; };
		65A51C2C294FBD1A00A3B960 /* SaveNineWidgetExtension.appex in Embed Foundation Extensions */ = {isa = PBXBuildFile; fileRef = 65A51C17294FBD1A00A3B960 /* SaveNineWidgetExtension.appex */; settings = {ATTRIBUTES = (RemoveHeadersOnCopy, ); }; };
		65A51C32294FC7C400A3B960 /* TrackerAttributes.swift in Sources */ = {isa = PBXBuildFile; fileRef = 65A51C31294FC7C400A3B960 /* TrackerAttributes.swift */; };
		65A51C33294FC7F400A3B960 /* TrackerAttributes.swift in Sources */ = {isa = PBXBuildFile; fileRef = 65A51C31294FC7C400A3B960 /* TrackerAttributes.swift */; };
		65A51C3B2950A1B200A3B960 /* TimerLiveActivityView.swift in Sources */ = {isa = PBXBuildFile; fileRef = 65A51C3A2950A1B200A3B960 /* TimerLiveActivityView.swift */; };
		65AFF19D299531EC009AB991 /* SessionLabelPicker.swift in Sources */ = {isa = PBXBuildFile; fileRef = 65AFF19C299531EC009AB991 /* SessionLabelPicker.swift */; };
		65C827C6299C836300CAC4C0 /* FetchPredicate.swift in Sources */ = {isa = PBXBuildFile; fileRef = 65C827C5299C836300CAC4C0 /* FetchPredicate.swift */; };
		65C9A346299B3619001FABB1 /* SessionNavigationStack.swift in Sources */ = {isa = PBXBuildFile; fileRef = 65C9A345299B3619001FABB1 /* SessionNavigationStack.swift */; };
		65D2314528CD552E00A91A47 /* SaveNineApp.swift in Sources */ = {isa = PBXBuildFile; fileRef = 65D2314428CD552E00A91A47 /* SaveNineApp.swift */; };
		65D2314728CD552E00A91A47 /* ContentView.swift in Sources */ = {isa = PBXBuildFile; fileRef = 65D2314628CD552E00A91A47 /* ContentView.swift */; };
		65D2314928CD552F00A91A47 /* Assets.xcassets in Resources */ = {isa = PBXBuildFile; fileRef = 65D2314828CD552F00A91A47 /* Assets.xcassets */; };
		65D2314C28CD552F00A91A47 /* Preview Assets.xcassets in Resources */ = {isa = PBXBuildFile; fileRef = 65D2314B28CD552F00A91A47 /* Preview Assets.xcassets */; };
		65D2315E28CD5B3B00A91A47 /* AppNavigationSplitView.swift in Sources */ = {isa = PBXBuildFile; fileRef = 65D2315D28CD5B3B00A91A47 /* AppNavigationSplitView.swift */; };
		65D2316228CD6ED700A91A47 /* ProjectDetail.swift in Sources */ = {isa = PBXBuildFile; fileRef = 65D2316128CD6ED700A91A47 /* ProjectDetail.swift */; };
		65D32BB82A79AB1300AC9F6B /* Session.swift in Sources */ = {isa = PBXBuildFile; fileRef = 65D32BB52A79AB1300AC9F6B /* Session.swift */; };
		65D32BB92A79AB1300AC9F6B /* Project.swift in Sources */ = {isa = PBXBuildFile; fileRef = 65D32BB62A79AB1300AC9F6B /* Project.swift */; };
		65D32BBA2A79AB1300AC9F6B /* Tag.swift in Sources */ = {isa = PBXBuildFile; fileRef = 65D32BB72A79AB1300AC9F6B /* Tag.swift */; };
		65DBEA4F2A7BDD4600788216 /* DefaultLabel.swift in Sources */ = {isa = PBXBuildFile; fileRef = 65DBEA4E2A7BDD4600788216 /* DefaultLabel.swift */; };
		65DBEA502A7BDD6800788216 /* DefaultLabel.swift in Sources */ = {isa = PBXBuildFile; fileRef = 65DBEA4E2A7BDD4600788216 /* DefaultLabel.swift */; };
		65DBEA512A7BDD7500788216 /* Session.swift in Sources */ = {isa = PBXBuildFile; fileRef = 65D32BB52A79AB1300AC9F6B /* Session.swift */; };
		65DBEA522A7BDD7500788216 /* Tag.swift in Sources */ = {isa = PBXBuildFile; fileRef = 65D32BB72A79AB1300AC9F6B /* Tag.swift */; };
		65DBEA532A7BDD7500788216 /* Project.swift in Sources */ = {isa = PBXBuildFile; fileRef = 65D32BB62A79AB1300AC9F6B /* Project.swift */; };
		65DD6DC8299D299B00FA1E48 /* FileExtension.swift in Sources */ = {isa = PBXBuildFile; fileRef = 65DD6DC7299D299B00FA1E48 /* FileExtension.swift */; };
		65DD6DC9299D299B00FA1E48 /* FileExtension.swift in Sources */ = {isa = PBXBuildFile; fileRef = 65DD6DC7299D299B00FA1E48 /* FileExtension.swift */; };
		65E531002A76AB5300760FE9 /* ProjectTagsSheet.swift in Sources */ = {isa = PBXBuildFile; fileRef = 65E530FF2A76AB5300760FE9 /* ProjectTagsSheet.swift */; };
		65E531022A76EB1B00760FE9 /* PrefersTabNavigationEnvironmentKey.swift in Sources */ = {isa = PBXBuildFile; fileRef = 65E531012A76EB1B00760FE9 /* PrefersTabNavigationEnvironmentKey.swift */; };
		65E531052A76F02100760FE9 /* AppTabView.swift in Sources */ = {isa = PBXBuildFile; fileRef = 65E531042A76F02100760FE9 /* AppTabView.swift */; };
		65EA44CC29A6F1BC00EE9BF0 /* ProjectFile.swift in Sources */ = {isa = PBXBuildFile; fileRef = 65EA44CB29A6F1BC00EE9BF0 /* ProjectFile.swift */; };
		65EC34FA2999DA3A00AB396A /* FileManager+Images.swift in Sources */ = {isa = PBXBuildFile; fileRef = 65EC34F92999DA3A00AB396A /* FileManager+Images.swift */; };
		65EC34FB2999DA3A00AB396A /* FileManager+Images.swift in Sources */ = {isa = PBXBuildFile; fileRef = 65EC34F92999DA3A00AB396A /* FileManager+Images.swift */; };
		65EC34FD2999DE4800AB396A /* FileManager+AppGroup.swift in Sources */ = {isa = PBXBuildFile; fileRef = 65EC34FC2999DE4800AB396A /* FileManager+AppGroup.swift */; };
		65EC34FE2999DE4800AB396A /* FileManager+AppGroup.swift in Sources */ = {isa = PBXBuildFile; fileRef = 65EC34FC2999DE4800AB396A /* FileManager+AppGroup.swift */; };
		65EF242A28DF870A003749F3 /* ProjectName.swift in Sources */ = {isa = PBXBuildFile; fileRef = 65EF242928DF870A003749F3 /* ProjectName.swift */; };
		65F4A7232965B0C900CABB3C /* Helpers.swift in Sources */ = {isa = PBXBuildFile; fileRef = 65F4A7222965B0C900CABB3C /* Helpers.swift */; };
		65F4A7242965B0C900CABB3C /* Helpers.swift in Sources */ = {isa = PBXBuildFile; fileRef = 65F4A7222965B0C900CABB3C /* Helpers.swift */; };
		65F4A7262965BB4B00CABB3C /* FileManager+Widgets.swift in Sources */ = {isa = PBXBuildFile; fileRef = 65F4A7252965BB4B00CABB3C /* FileManager+Widgets.swift */; };
		65F4A7272965BB4B00CABB3C /* FileManager+Widgets.swift in Sources */ = {isa = PBXBuildFile; fileRef = 65F4A7252965BB4B00CABB3C /* FileManager+Widgets.swift */; };
		65F4A72C2965BD0300CABB3C /* UserDefaults+Extension.swift in Sources */ = {isa = PBXBuildFile; fileRef = 65F4A72B2965BD0300CABB3C /* UserDefaults+Extension.swift */; };
		65F4A72D2965BD0300CABB3C /* UserDefaults+Extension.swift in Sources */ = {isa = PBXBuildFile; fileRef = 65F4A72B2965BD0300CABB3C /* UserDefaults+Extension.swift */; };
		65F4A72F2965E5B900CABB3C /* WidgetKind.swift in Sources */ = {isa = PBXBuildFile; fileRef = 65F4A72E2965E5B900CABB3C /* WidgetKind.swift */; };
		65F4A7302965E5B900CABB3C /* WidgetKind.swift in Sources */ = {isa = PBXBuildFile; fileRef = 65F4A72E2965E5B900CABB3C /* WidgetKind.swift */; };
		65F4A7322966826E00CABB3C /* Date+Extension.swift in Sources */ = {isa = PBXBuildFile; fileRef = 65F4A7312966826E00CABB3C /* Date+Extension.swift */; };
		65F4A737296684FC00CABB3C /* Double+Extension.swift in Sources */ = {isa = PBXBuildFile; fileRef = 65F4A736296684FC00CABB3C /* Double+Extension.swift */; };
		65F4A73929668C2700CABB3C /* Double+Extension.swift in Sources */ = {isa = PBXBuildFile; fileRef = 65F4A736296684FC00CABB3C /* Double+Extension.swift */; };
		65F9F3A529A2EC0600D51D7B /* TabController.swift in Sources */ = {isa = PBXBuildFile; fileRef = 65F9F3A429A2EC0600D51D7B /* TabController.swift */; };
		65F9F3A729A2FF6200D51D7B /* SettingsView.swift in Sources */ = {isa = PBXBuildFile; fileRef = 65F9F3A629A2FF6200D51D7B /* SettingsView.swift */; };
		65FC3F4B2A75C6AE00D76AFE /* ProjectImage.swift in Sources */ = {isa = PBXBuildFile; fileRef = 65FC3F4A2A75C6AE00D76AFE /* ProjectImage.swift */; };
		65FC3F4D2A75C71D00D76AFE /* Image+Extension.swift in Sources */ = {isa = PBXBuildFile; fileRef = 65FC3F4C2A75C71D00D76AFE /* Image+Extension.swift */; };
		65FC3F532A75DBE500D76AFE /* ProjectsSearchResults.swift in Sources */ = {isa = PBXBuildFile; fileRef = 65FC3F522A75DBE500D76AFE /* ProjectsSearchResults.swift */; };
		65FC92D4299F2A9D008871A5 /* SortOptionsView.swift in Sources */ = {isa = PBXBuildFile; fileRef = 65FC92D3299F2A9D008871A5 /* SortOptionsView.swift */; };
		65FC92D6299FFD4B008871A5 /* SortOption.swift in Sources */ = {isa = PBXBuildFile; fileRef = 65FC92D5299FFD4B008871A5 /* SortOption.swift */; };
		65FC92D829A04E27008871A5 /* FileManager+Documents.swift in Sources */ = {isa = PBXBuildFile; fileRef = 65FC92D729A04E27008871A5 /* FileManager+Documents.swift */; };
		65FC92DA29A11C92008871A5 /* SortController.swift in Sources */ = {isa = PBXBuildFile; fileRef = 65FC92D929A11C92008871A5 /* SortController.swift */; };
/* End PBXBuildFile section */

/* Begin PBXContainerItemProxy section */
		65A51C2A294FBD1A00A3B960 /* PBXContainerItemProxy */ = {
			isa = PBXContainerItemProxy;
			containerPortal = 65D2313928CD552E00A91A47 /* Project object */;
			proxyType = 1;
			remoteGlobalIDString = 65A51C16294FBD1A00A3B960;
			remoteInfo = SaveNineWidgetExtension;
		};
/* End PBXContainerItemProxy section */

/* Begin PBXCopyFilesBuildPhase section */
		65A51C2D294FBD1A00A3B960 /* Embed Foundation Extensions */ = {
			isa = PBXCopyFilesBuildPhase;
			buildActionMask = 2147483647;
			dstPath = "";
			dstSubfolderSpec = 13;
			files = (
				65A51C2C294FBD1A00A3B960 /* SaveNineWidgetExtension.appex in Embed Foundation Extensions */,
			);
			name = "Embed Foundation Extensions";
			runOnlyForDeploymentPostprocessing = 0;
		};
/* End PBXCopyFilesBuildPhase section */

/* Begin PBXFileReference section */
		65011C482A75E45700E36090 /* ProjectNavigationStack.swift */ = {isa = PBXFileReference; lastKnownFileType = sourcecode.swift; path = ProjectNavigationStack.swift; sourceTree = "<group>"; };
		65011C4A2A75E8E700E36090 /* AppNavigation.swift */ = {isa = PBXFileReference; lastKnownFileType = sourcecode.swift; path = AppNavigation.swift; sourceTree = "<group>"; };
		65011C4C2A75EFD700E36090 /* AppSidebar.swift */ = {isa = PBXFileReference; lastKnownFileType = sourcecode.swift; path = AppSidebar.swift; sourceTree = "<group>"; };
		6518916329A5372200ACE985 /* AppIconImageView.swift */ = {isa = PBXFileReference; lastKnownFileType = sourcecode.swift; path = AppIconImageView.swift; sourceTree = "<group>"; };
		6518916529A5387300ACE985 /* StorageKey.swift */ = {isa = PBXFileReference; lastKnownFileType = sourcecode.swift; path = StorageKey.swift; sourceTree = "<group>"; };
		651CE21A28F85FF100E1B248 /* Localizable.strings */ = {isa = PBXFileReference; lastKnownFileType = text.plist.strings; path = Localizable.strings; sourceTree = "<group>"; };
		652437342A783AFD00C839C9 /* StopwatchSafeAreaInset.swift */ = {isa = PBXFileReference; lastKnownFileType = sourcecode.swift; path = StopwatchSafeAreaInset.swift; sourceTree = "<group>"; };
		652AE94F28D6550E0001294F /* Tracker.swift */ = {isa = PBXFileReference; lastKnownFileType = sourcecode.swift; path = Tracker.swift; sourceTree = "<group>"; };
		652BFD00295F367000179792 /* View+Extension.swift */ = {isa = PBXFileReference; lastKnownFileType = sourcecode.swift; path = "View+Extension.swift"; sourceTree = "<group>"; };
		652D025528D79DA300F818E7 /* ProjectSessions.swift */ = {isa = PBXFileReference; lastKnownFileType = sourcecode.swift; path = ProjectSessions.swift; sourceTree = "<group>"; };
		652D025728D79F9000F818E7 /* TimerTimelineView.swift */ = {isa = PBXFileReference; lastKnownFileType = sourcecode.swift; path = TimerTimelineView.swift; sourceTree = "<group>"; };
		653899D429A3B690008E39B4 /* LabelsView.swift */ = {isa = PBXFileReference; lastKnownFileType = sourcecode.swift; path = LabelsView.swift; sourceTree = "<group>"; };
		653899D629A3BE3B008E39B4 /* AppIconView.swift */ = {isa = PBXFileReference; lastKnownFileType = sourcecode.swift; path = AppIconView.swift; sourceTree = "<group>"; };
		653899DA29A449AE008E39B4 /* AppIcon.swift */ = {isa = PBXFileReference; lastKnownFileType = sourcecode.swift; path = AppIcon.swift; sourceTree = "<group>"; };
		653B2DDC2976502400EAD9CD /* MostRecentlyTracked.swift */ = {isa = PBXFileReference; lastKnownFileType = sourcecode.swift; path = MostRecentlyTracked.swift; sourceTree = "<group>"; };
		65464D2028F26B74008E1EE6 /* UpdateNameView.swift */ = {isa = PBXFileReference; lastKnownFileType = sourcecode.swift; path = UpdateNameView.swift; sourceTree = "<group>"; };
		6560AC2F291AA2AB0047E2C6 /* QueryView.swift */ = {isa = PBXFileReference; lastKnownFileType = sourcecode.swift; path = QueryView.swift; sourceTree = "<group>"; };
		6560AC34291AF6660047E2C6 /* SessionDetail.swift */ = {isa = PBXFileReference; lastKnownFileType = sourcecode.swift; path = SessionDetail.swift; sourceTree = "<group>"; };
		6560AC36291AFD110047E2C6 /* SessionRow.swift */ = {isa = PBXFileReference; lastKnownFileType = sourcecode.swift; path = SessionRow.swift; sourceTree = "<group>"; };
		657081DC28D8E44A006C568D /* SaveNine.entitlements */ = {isa = PBXFileReference; lastKnownFileType = text.plist.entitlements; path = SaveNine.entitlements; sourceTree = "<group>"; };
		657081DD28D8E460006C568D /* Info.plist */ = {isa = PBXFileReference; lastKnownFileType = text.plist.xml; path = Info.plist; sourceTree = "<group>"; };
		6572FFB729981A96006493DB /* SessionLabelController.swift */ = {isa = PBXFileReference; lastKnownFileType = sourcecode.swift; path = SessionLabelController.swift; sourceTree = "<group>"; };
		659FDA6C28E28EC900899A2E /* ProjectRow.swift */ = {isa = PBXFileReference; lastKnownFileType = sourcecode.swift; path = ProjectRow.swift; sourceTree = "<group>"; };
		65A51C17294FBD1A00A3B960 /* SaveNineWidgetExtension.appex */ = {isa = PBXFileReference; explicitFileType = "wrapper.app-extension"; includeInIndex = 0; path = SaveNineWidgetExtension.appex; sourceTree = BUILT_PRODUCTS_DIR; };
		65A51C19294FBD1A00A3B960 /* WidgetKit.framework */ = {isa = PBXFileReference; lastKnownFileType = wrapper.framework; name = WidgetKit.framework; path = System/Library/Frameworks/WidgetKit.framework; sourceTree = SDKROOT; };
		65A51C1B294FBD1A00A3B960 /* SwiftUI.framework */ = {isa = PBXFileReference; lastKnownFileType = wrapper.framework; name = SwiftUI.framework; path = System/Library/Frameworks/SwiftUI.framework; sourceTree = SDKROOT; };
		65A51C1E294FBD1A00A3B960 /* SaveNineWidgetBundle.swift */ = {isa = PBXFileReference; lastKnownFileType = sourcecode.swift; path = SaveNineWidgetBundle.swift; sourceTree = "<group>"; };
		65A51C20294FBD1A00A3B960 /* SaveNineWidgetLiveActivity.swift */ = {isa = PBXFileReference; lastKnownFileType = sourcecode.swift; path = SaveNineWidgetLiveActivity.swift; sourceTree = "<group>"; };
		65A51C22294FBD1A00A3B960 /* LastTrackedWidget.swift */ = {isa = PBXFileReference; lastKnownFileType = sourcecode.swift; path = LastTrackedWidget.swift; sourceTree = "<group>"; };
		65A51C24294FBD1A00A3B960 /* SaveNineWidget.intentdefinition */ = {isa = PBXFileReference; lastKnownFileType = file.intentdefinition; path = SaveNineWidget.intentdefinition; sourceTree = "<group>"; };
		65A51C25294FBD1A00A3B960 /* Assets.xcassets */ = {isa = PBXFileReference; lastKnownFileType = folder.assetcatalog; path = Assets.xcassets; sourceTree = "<group>"; };
		65A51C27294FBD1A00A3B960 /* Info.plist */ = {isa = PBXFileReference; lastKnownFileType = text.plist.xml; path = Info.plist; sourceTree = "<group>"; };
		65A51C31294FC7C400A3B960 /* TrackerAttributes.swift */ = {isa = PBXFileReference; lastKnownFileType = sourcecode.swift; path = TrackerAttributes.swift; sourceTree = "<group>"; };
		65A51C3A2950A1B200A3B960 /* TimerLiveActivityView.swift */ = {isa = PBXFileReference; lastKnownFileType = sourcecode.swift; path = TimerLiveActivityView.swift; sourceTree = "<group>"; };
		65AFF19C299531EC009AB991 /* SessionLabelPicker.swift */ = {isa = PBXFileReference; lastKnownFileType = sourcecode.swift; path = SessionLabelPicker.swift; sourceTree = "<group>"; };
		65C827C5299C836300CAC4C0 /* FetchPredicate.swift */ = {isa = PBXFileReference; lastKnownFileType = sourcecode.swift; path = FetchPredicate.swift; sourceTree = "<group>"; };
		65C9A345299B3619001FABB1 /* SessionNavigationStack.swift */ = {isa = PBXFileReference; lastKnownFileType = sourcecode.swift; path = SessionNavigationStack.swift; sourceTree = "<group>"; };
		65D2314128CD552E00A91A47 /* SaveNine.app */ = {isa = PBXFileReference; explicitFileType = wrapper.application; includeInIndex = 0; path = SaveNine.app; sourceTree = BUILT_PRODUCTS_DIR; };
		65D2314428CD552E00A91A47 /* SaveNineApp.swift */ = {isa = PBXFileReference; lastKnownFileType = sourcecode.swift; path = SaveNineApp.swift; sourceTree = "<group>"; };
		65D2314628CD552E00A91A47 /* ContentView.swift */ = {isa = PBXFileReference; lastKnownFileType = sourcecode.swift; path = ContentView.swift; sourceTree = "<group>"; };
		65D2314828CD552F00A91A47 /* Assets.xcassets */ = {isa = PBXFileReference; lastKnownFileType = folder.assetcatalog; path = Assets.xcassets; sourceTree = "<group>"; };
		65D2314B28CD552F00A91A47 /* Preview Assets.xcassets */ = {isa = PBXFileReference; lastKnownFileType = folder.assetcatalog; path = "Preview Assets.xcassets"; sourceTree = "<group>"; };
		65D2315D28CD5B3B00A91A47 /* AppNavigationSplitView.swift */ = {isa = PBXFileReference; lastKnownFileType = sourcecode.swift; path = AppNavigationSplitView.swift; sourceTree = "<group>"; };
		65D2316128CD6ED700A91A47 /* ProjectDetail.swift */ = {isa = PBXFileReference; lastKnownFileType = sourcecode.swift; path = ProjectDetail.swift; sourceTree = "<group>"; };
		65D32BB52A79AB1300AC9F6B /* Session.swift */ = {isa = PBXFileReference; lastKnownFileType = sourcecode.swift; path = Session.swift; sourceTree = "<group>"; };
		65D32BB62A79AB1300AC9F6B /* Project.swift */ = {isa = PBXFileReference; lastKnownFileType = sourcecode.swift; path = Project.swift; sourceTree = "<group>"; };
		65D32BB72A79AB1300AC9F6B /* Tag.swift */ = {isa = PBXFileReference; lastKnownFileType = sourcecode.swift; path = Tag.swift; sourceTree = "<group>"; };
		65DBEA4E2A7BDD4600788216 /* DefaultLabel.swift */ = {isa = PBXFileReference; lastKnownFileType = sourcecode.swift; path = DefaultLabel.swift; sourceTree = "<group>"; };
		65DD6DC7299D299B00FA1E48 /* FileExtension.swift */ = {isa = PBXFileReference; lastKnownFileType = sourcecode.swift; path = FileExtension.swift; sourceTree = "<group>"; };
		65E530FF2A76AB5300760FE9 /* ProjectTagsSheet.swift */ = {isa = PBXFileReference; lastKnownFileType = sourcecode.swift; path = ProjectTagsSheet.swift; sourceTree = "<group>"; };
		65E531012A76EB1B00760FE9 /* PrefersTabNavigationEnvironmentKey.swift */ = {isa = PBXFileReference; lastKnownFileType = sourcecode.swift; path = PrefersTabNavigationEnvironmentKey.swift; sourceTree = "<group>"; };
		65E531042A76F02100760FE9 /* AppTabView.swift */ = {isa = PBXFileReference; lastKnownFileType = sourcecode.swift; path = AppTabView.swift; sourceTree = "<group>"; };
		65EA44CB29A6F1BC00EE9BF0 /* ProjectFile.swift */ = {isa = PBXFileReference; lastKnownFileType = sourcecode.swift; path = ProjectFile.swift; sourceTree = "<group>"; };
		65EC34F92999DA3A00AB396A /* FileManager+Images.swift */ = {isa = PBXFileReference; lastKnownFileType = sourcecode.swift; path = "FileManager+Images.swift"; sourceTree = "<group>"; };
		65EC34FC2999DE4800AB396A /* FileManager+AppGroup.swift */ = {isa = PBXFileReference; lastKnownFileType = sourcecode.swift; path = "FileManager+AppGroup.swift"; sourceTree = "<group>"; };
		65EF242928DF870A003749F3 /* ProjectName.swift */ = {isa = PBXFileReference; lastKnownFileType = sourcecode.swift; path = ProjectName.swift; sourceTree = "<group>"; };
		65F4A70D2963AFFB00CABB3C /* SaveNineWidgetExtension.entitlements */ = {isa = PBXFileReference; lastKnownFileType = text.plist.entitlements; path = SaveNineWidgetExtension.entitlements; sourceTree = "<group>"; };
		65F4A7222965B0C900CABB3C /* Helpers.swift */ = {isa = PBXFileReference; lastKnownFileType = sourcecode.swift; path = Helpers.swift; sourceTree = "<group>"; };
		65F4A7252965BB4B00CABB3C /* FileManager+Widgets.swift */ = {isa = PBXFileReference; lastKnownFileType = sourcecode.swift; path = "FileManager+Widgets.swift"; sourceTree = "<group>"; };
		65F4A72B2965BD0300CABB3C /* UserDefaults+Extension.swift */ = {isa = PBXFileReference; lastKnownFileType = sourcecode.swift; path = "UserDefaults+Extension.swift"; sourceTree = "<group>"; };
		65F4A72E2965E5B900CABB3C /* WidgetKind.swift */ = {isa = PBXFileReference; lastKnownFileType = sourcecode.swift; path = WidgetKind.swift; sourceTree = "<group>"; };
		65F4A7312966826E00CABB3C /* Date+Extension.swift */ = {isa = PBXFileReference; lastKnownFileType = sourcecode.swift; path = "Date+Extension.swift"; sourceTree = "<group>"; };
		65F4A736296684FC00CABB3C /* Double+Extension.swift */ = {isa = PBXFileReference; lastKnownFileType = sourcecode.swift; path = "Double+Extension.swift"; sourceTree = "<group>"; };
		65F9F3A429A2EC0600D51D7B /* TabController.swift */ = {isa = PBXFileReference; lastKnownFileType = sourcecode.swift; path = TabController.swift; sourceTree = "<group>"; };
		65F9F3A629A2FF6200D51D7B /* SettingsView.swift */ = {isa = PBXFileReference; lastKnownFileType = sourcecode.swift; path = SettingsView.swift; sourceTree = "<group>"; };
		65FC3F4A2A75C6AE00D76AFE /* ProjectImage.swift */ = {isa = PBXFileReference; lastKnownFileType = sourcecode.swift; path = ProjectImage.swift; sourceTree = "<group>"; };
		65FC3F4C2A75C71D00D76AFE /* Image+Extension.swift */ = {isa = PBXFileReference; lastKnownFileType = sourcecode.swift; path = "Image+Extension.swift"; sourceTree = "<group>"; };
		65FC3F522A75DBE500D76AFE /* ProjectsSearchResults.swift */ = {isa = PBXFileReference; lastKnownFileType = sourcecode.swift; path = ProjectsSearchResults.swift; sourceTree = "<group>"; };
		65FC92D3299F2A9D008871A5 /* SortOptionsView.swift */ = {isa = PBXFileReference; lastKnownFileType = sourcecode.swift; path = SortOptionsView.swift; sourceTree = "<group>"; };
		65FC92D5299FFD4B008871A5 /* SortOption.swift */ = {isa = PBXFileReference; lastKnownFileType = sourcecode.swift; path = SortOption.swift; sourceTree = "<group>"; };
		65FC92D729A04E27008871A5 /* FileManager+Documents.swift */ = {isa = PBXFileReference; lastKnownFileType = sourcecode.swift; path = "FileManager+Documents.swift"; sourceTree = "<group>"; };
		65FC92D929A11C92008871A5 /* SortController.swift */ = {isa = PBXFileReference; lastKnownFileType = sourcecode.swift; path = SortController.swift; sourceTree = "<group>"; };
/* End PBXFileReference section */

/* Begin PBXFrameworksBuildPhase section */
		65A51C14294FBD1A00A3B960 /* Frameworks */ = {
			isa = PBXFrameworksBuildPhase;
			buildActionMask = 2147483647;
			files = (
				65A51C1C294FBD1A00A3B960 /* SwiftUI.framework in Frameworks */,
				65A51C1A294FBD1A00A3B960 /* WidgetKit.framework in Frameworks */,
			);
			runOnlyForDeploymentPostprocessing = 0;
		};
		65D2313E28CD552E00A91A47 /* Frameworks */ = {
			isa = PBXFrameworksBuildPhase;
			buildActionMask = 2147483647;
			files = (
			);
			runOnlyForDeploymentPostprocessing = 0;
		};
/* End PBXFrameworksBuildPhase section */

/* Begin PBXGroup section */
		651CE22128FB0EFA00E1B248 /* Tracker */ = {
			isa = PBXGroup;
			children = (
				652437342A783AFD00C839C9 /* StopwatchSafeAreaInset.swift */,
				652D025728D79F9000F818E7 /* TimerTimelineView.swift */,
				652AE94F28D6550E0001294F /* Tracker.swift */,
			);
			path = Tracker;
			sourceTree = "<group>";
		};
		651CE22228FB10BF00E1B248 /* Reuseable */ = {
			isa = PBXGroup;
			children = (
				6560AC2F291AA2AB0047E2C6 /* QueryView.swift */,
				65FC92D3299F2A9D008871A5 /* SortOptionsView.swift */,
				65464D2028F26B74008E1EE6 /* UpdateNameView.swift */,
			);
			path = Reuseable;
			sourceTree = "<group>";
		};
		653899CF29A3B303008E39B4 /* Settings */ = {
			isa = PBXGroup;
			children = (
				6518916329A5372200ACE985 /* AppIconImageView.swift */,
				653899D629A3BE3B008E39B4 /* AppIconView.swift */,
				653899D429A3B690008E39B4 /* LabelsView.swift */,
				65F9F3A629A2FF6200D51D7B /* SettingsView.swift */,
			);
			path = Settings;
			sourceTree = "<group>";
		};
		655869292976151C0015E20F /* Views */ = {
			isa = PBXGroup;
			children = (
				65A51C3A2950A1B200A3B960 /* TimerLiveActivityView.swift */,
				653B2DDC2976502400EAD9CD /* MostRecentlyTracked.swift */,
			);
			path = Views;
			sourceTree = "<group>";
		};
		6558692A297615470015E20F /* Widgets */ = {
			isa = PBXGroup;
			children = (
				65A51C22294FBD1A00A3B960 /* LastTrackedWidget.swift */,
				65A51C20294FBD1A00A3B960 /* SaveNineWidgetLiveActivity.swift */,
			);
			path = Widgets;
			sourceTree = "<group>";
		};
		6558692B297615970015E20F /* Extensions */ = {
			isa = PBXGroup;
			children = (
				652BFD00295F367000179792 /* View+Extension.swift */,
			);
			path = Extensions;
			sourceTree = "<group>";
		};
		6560AC31291AC5470047E2C6 /* Sessions */ = {
			isa = PBXGroup;
			children = (
				6560AC34291AF6660047E2C6 /* SessionDetail.swift */,
				65AFF19C299531EC009AB991 /* SessionLabelPicker.swift */,
				65C9A345299B3619001FABB1 /* SessionNavigationStack.swift */,
				6560AC36291AFD110047E2C6 /* SessionRow.swift */,
			);
			path = Sessions;
			sourceTree = "<group>";
		};
		658CF37028EBBE5D00DA1DA2 /* Projects */ = {
			isa = PBXGroup;
			children = (
				65D2316128CD6ED700A91A47 /* ProjectDetail.swift */,
				65FC3F4A2A75C6AE00D76AFE /* ProjectImage.swift */,
				65EF242928DF870A003749F3 /* ProjectName.swift */,
				65011C482A75E45700E36090 /* ProjectNavigationStack.swift */,
				659FDA6C28E28EC900899A2E /* ProjectRow.swift */,
				652D025528D79DA300F818E7 /* ProjectSessions.swift */,
				65FC3F522A75DBE500D76AFE /* ProjectsSearchResults.swift */,
				65E530FF2A76AB5300760FE9 /* ProjectTagsSheet.swift */,
			);
			path = Projects;
			sourceTree = "<group>";
		};
		659FDA6928E232A300899A2E /* Extensions */ = {
			isa = PBXGroup;
			children = (
				65FC92D729A04E27008871A5 /* FileManager+Documents.swift */,
				65FC3F4C2A75C71D00D76AFE /* Image+Extension.swift */,
			);
			path = Extensions;
			sourceTree = "<group>";
		};
		659FDA6A28E232AC00899A2E /* Helpers */ = {
			isa = PBXGroup;
			children = (
				653899DA29A449AE008E39B4 /* AppIcon.swift */,
				65C827C5299C836300CAC4C0 /* FetchPredicate.swift */,
				65EA44CB29A6F1BC00EE9BF0 /* ProjectFile.swift */,
				65FC92D5299FFD4B008871A5 /* SortOption.swift */,
				6518916529A5387300ACE985 /* StorageKey.swift */,
				65E531012A76EB1B00760FE9 /* PrefersTabNavigationEnvironmentKey.swift */,
			);
			path = Helpers;
			sourceTree = "<group>";
		};
		659FDA6B28E232CA00899A2E /* Views */ = {
			isa = PBXGroup;
			children = (
				658CF37028EBBE5D00DA1DA2 /* Projects */,
				651CE22228FB10BF00E1B248 /* Reuseable */,
				6560AC31291AC5470047E2C6 /* Sessions */,
				653899CF29A3B303008E39B4 /* Settings */,
				651CE22128FB0EFA00E1B248 /* Tracker */,
			);
			path = Views;
			sourceTree = "<group>";
		};
		65A51C18294FBD1A00A3B960 /* Frameworks */ = {
			isa = PBXGroup;
			children = (
				65A51C19294FBD1A00A3B960 /* WidgetKit.framework */,
				65A51C1B294FBD1A00A3B960 /* SwiftUI.framework */,
			);
			name = Frameworks;
			sourceTree = "<group>";
		};
		65A51C1D294FBD1A00A3B960 /* SaveNineWidget */ = {
			isa = PBXGroup;
			children = (
				655869292976151C0015E20F /* Views */,
				6558692A297615470015E20F /* Widgets */,
				6558692B297615970015E20F /* Extensions */,
				65A51C1E294FBD1A00A3B960 /* SaveNineWidgetBundle.swift */,
				65F4A70D2963AFFB00CABB3C /* SaveNineWidgetExtension.entitlements */,
				65A51C24294FBD1A00A3B960 /* SaveNineWidget.intentdefinition */,
				65A51C25294FBD1A00A3B960 /* Assets.xcassets */,
				65A51C27294FBD1A00A3B960 /* Info.plist */,
			);
			path = SaveNineWidget;
			sourceTree = "<group>";
		};
		65D2313828CD552E00A91A47 = {
			isa = PBXGroup;
			children = (
				65D2314328CD552E00A91A47 /* SaveNine */,
				65A51C1D294FBD1A00A3B960 /* SaveNineWidget */,
				65A51C18294FBD1A00A3B960 /* Frameworks */,
				65D2314228CD552E00A91A47 /* Products */,
			);
			sourceTree = "<group>";
		};
		65D2314228CD552E00A91A47 /* Products */ = {
			isa = PBXGroup;
			children = (
				65D2314128CD552E00A91A47 /* SaveNine.app */,
				65A51C17294FBD1A00A3B960 /* SaveNineWidgetExtension.appex */,
			);
			name = Products;
			sourceTree = "<group>";
		};
		65D2314328CD552E00A91A47 /* SaveNine */ = {
			isa = PBXGroup;
			children = (
				65E531032A76EFF600760FE9 /* Navigation */,
				65F9F3A329A2E9D800D51D7B /* Controllers */,
				659FDA6928E232A300899A2E /* Extensions */,
				659FDA6A28E232AC00899A2E /* Helpers */,
				65F4A71729646B8900CABB3C /* Shared */,
				659FDA6B28E232CA00899A2E /* Views */,
				65D2314828CD552F00A91A47 /* Assets.xcassets */,
				657081DD28D8E460006C568D /* Info.plist */,
				651CE21A28F85FF100E1B248 /* Localizable.strings */,
				657081DC28D8E44A006C568D /* SaveNine.entitlements */,
				65D2314628CD552E00A91A47 /* ContentView.swift */,
				65D2314428CD552E00A91A47 /* SaveNineApp.swift */,
				65D2314A28CD552F00A91A47 /* Preview Content */,
			);
			path = SaveNine;
			sourceTree = "<group>";
		};
		65D2314A28CD552F00A91A47 /* Preview Content */ = {
			isa = PBXGroup;
			children = (
				65D2314B28CD552F00A91A47 /* Preview Assets.xcassets */,
			);
			path = "Preview Content";
			sourceTree = "<group>";
		};
		65D32BBB2A79AB1D00AC9F6B /* Models */ = {
			isa = PBXGroup;
			children = (
				65D32BB62A79AB1300AC9F6B /* Project.swift */,
				65D32BB52A79AB1300AC9F6B /* Session.swift */,
				65D32BB72A79AB1300AC9F6B /* Tag.swift */,
			);
			path = Models;
			sourceTree = "<group>";
		};
		65DD6DC6299D294C00FA1E48 /* Extensions */ = {
			isa = PBXGroup;
			children = (
				65F4A7312966826E00CABB3C /* Date+Extension.swift */,
				65F4A736296684FC00CABB3C /* Double+Extension.swift */,
				65EC34FC2999DE4800AB396A /* FileManager+AppGroup.swift */,
				65EC34F92999DA3A00AB396A /* FileManager+Images.swift */,
				65F4A7252965BB4B00CABB3C /* FileManager+Widgets.swift */,
				65F4A72B2965BD0300CABB3C /* UserDefaults+Extension.swift */,
			);
			path = Extensions;
			sourceTree = "<group>";
		};
		65E531032A76EFF600760FE9 /* Navigation */ = {
			isa = PBXGroup;
			children = (
				65011C4A2A75E8E700E36090 /* AppNavigation.swift */,
				65D2315D28CD5B3B00A91A47 /* AppNavigationSplitView.swift */,
				65011C4C2A75EFD700E36090 /* AppSidebar.swift */,
				65E531042A76F02100760FE9 /* AppTabView.swift */,
			);
			path = Navigation;
			sourceTree = "<group>";
		};
		65F4A71729646B8900CABB3C /* Shared */ = {
			isa = PBXGroup;
			children = (
				65DD6DC6299D294C00FA1E48 /* Extensions */,
				65D32BBB2A79AB1D00AC9F6B /* Models */,
				65DBEA4E2A7BDD4600788216 /* DefaultLabel.swift */,
				65DD6DC7299D299B00FA1E48 /* FileExtension.swift */,
				65F4A7222965B0C900CABB3C /* Helpers.swift */,
				65A51C31294FC7C400A3B960 /* TrackerAttributes.swift */,
				65F4A72E2965E5B900CABB3C /* WidgetKind.swift */,
			);
			path = Shared;
			sourceTree = "<group>";
		};
		65F9F3A329A2E9D800D51D7B /* Controllers */ = {
			isa = PBXGroup;
			children = (
				6572FFB729981A96006493DB /* SessionLabelController.swift */,
				65FC92D929A11C92008871A5 /* SortController.swift */,
				65F9F3A429A2EC0600D51D7B /* TabController.swift */,
			);
			path = Controllers;
			sourceTree = "<group>";
		};
/* End PBXGroup section */

/* Begin PBXNativeTarget section */
		65A51C16294FBD1A00A3B960 /* SaveNineWidgetExtension */ = {
			isa = PBXNativeTarget;
			buildConfigurationList = 65A51C30294FBD1A00A3B960 /* Build configuration list for PBXNativeTarget "SaveNineWidgetExtension" */;
			buildPhases = (
				65A51C13294FBD1A00A3B960 /* Sources */,
				65A51C14294FBD1A00A3B960 /* Frameworks */,
				65A51C15294FBD1A00A3B960 /* Resources */,
			);
			buildRules = (
			);
			dependencies = (
			);
			name = SaveNineWidgetExtension;
			productName = SaveNineWidgetExtension;
			productReference = 65A51C17294FBD1A00A3B960 /* SaveNineWidgetExtension.appex */;
			productType = "com.apple.product-type.app-extension";
		};
		65D2314028CD552E00A91A47 /* SaveNine */ = {
			isa = PBXNativeTarget;
			buildConfigurationList = 65D2314F28CD552F00A91A47 /* Build configuration list for PBXNativeTarget "SaveNine" */;
			buildPhases = (
				65D2313D28CD552E00A91A47 /* Sources */,
				65D2313E28CD552E00A91A47 /* Frameworks */,
				65D2313F28CD552E00A91A47 /* Resources */,
				65A51C2D294FBD1A00A3B960 /* Embed Foundation Extensions */,
			);
			buildRules = (
			);
			dependencies = (
				65A51C2B294FBD1A00A3B960 /* PBXTargetDependency */,
			);
			name = SaveNine;
			productName = SaveNine;
			productReference = 65D2314128CD552E00A91A47 /* SaveNine.app */;
			productType = "com.apple.product-type.application";
		};
/* End PBXNativeTarget section */

/* Begin PBXProject section */
		65D2313928CD552E00A91A47 /* Project object */ = {
			isa = PBXProject;
			attributes = {
				BuildIndependentTargetsInParallel = 1;
				LastSwiftUpdateCheck = 1410;
				LastUpgradeCheck = 1500;
				TargetAttributes = {
					65A51C16294FBD1A00A3B960 = {
						CreatedOnToolsVersion = 14.1;
					};
					65D2314028CD552E00A91A47 = {
						CreatedOnToolsVersion = 14.0;
					};
				};
			};
			buildConfigurationList = 65D2313C28CD552E00A91A47 /* Build configuration list for PBXProject "SaveNine" */;
			compatibilityVersion = "Xcode 14.0";
			developmentRegion = en;
			hasScannedForEncodings = 0;
			knownRegions = (
				en,
				Base,
			);
			mainGroup = 65D2313828CD552E00A91A47;
			productRefGroup = 65D2314228CD552E00A91A47 /* Products */;
			projectDirPath = "";
			projectRoot = "";
			targets = (
				65D2314028CD552E00A91A47 /* SaveNine */,
				65A51C16294FBD1A00A3B960 /* SaveNineWidgetExtension */,
			);
		};
/* End PBXProject section */

/* Begin PBXResourcesBuildPhase section */
		65A51C15294FBD1A00A3B960 /* Resources */ = {
			isa = PBXResourcesBuildPhase;
			buildActionMask = 2147483647;
			files = (
				65A51C26294FBD1A00A3B960 /* Assets.xcassets in Resources */,
			);
			runOnlyForDeploymentPostprocessing = 0;
		};
		65D2313F28CD552E00A91A47 /* Resources */ = {
			isa = PBXResourcesBuildPhase;
			buildActionMask = 2147483647;
			files = (
				65D2314C28CD552F00A91A47 /* Preview Assets.xcassets in Resources */,
				651CE21B28F85FF100E1B248 /* Localizable.strings in Resources */,
				65D2314928CD552F00A91A47 /* Assets.xcassets in Resources */,
			);
			runOnlyForDeploymentPostprocessing = 0;
		};
/* End PBXResourcesBuildPhase section */

/* Begin PBXSourcesBuildPhase section */
		65A51C13294FBD1A00A3B960 /* Sources */ = {
			isa = PBXSourcesBuildPhase;
			buildActionMask = 2147483647;
			files = (
				65DBEA512A7BDD7500788216 /* Session.swift in Sources */,
				65DBEA502A7BDD6800788216 /* DefaultLabel.swift in Sources */,
				65F4A7272965BB4B00CABB3C /* FileManager+Widgets.swift in Sources */,
				65DBEA522A7BDD7500788216 /* Tag.swift in Sources */,
				65A51C21294FBD1A00A3B960 /* SaveNineWidgetLiveActivity.swift in Sources */,
				65F4A73929668C2700CABB3C /* Double+Extension.swift in Sources */,
				65F4A7322966826E00CABB3C /* Date+Extension.swift in Sources */,
				65DBEA532A7BDD7500788216 /* Project.swift in Sources */,
				65A51C28294FBD1A00A3B960 /* SaveNineWidget.intentdefinition in Sources */,
				65F4A7302965E5B900CABB3C /* WidgetKind.swift in Sources */,
				65F4A72D2965BD0300CABB3C /* UserDefaults+Extension.swift in Sources */,
				65A51C23294FBD1A00A3B960 /* LastTrackedWidget.swift in Sources */,
				653B2DDD2976502400EAD9CD /* MostRecentlyTracked.swift in Sources */,
				65DD6DC9299D299B00FA1E48 /* FileExtension.swift in Sources */,
				65F4A7242965B0C900CABB3C /* Helpers.swift in Sources */,
				65EC34FE2999DE4800AB396A /* FileManager+AppGroup.swift in Sources */,
				652BFD01295F367000179792 /* View+Extension.swift in Sources */,
				65A51C3B2950A1B200A3B960 /* TimerLiveActivityView.swift in Sources */,
				65A51C33294FC7F400A3B960 /* TrackerAttributes.swift in Sources */,
				65A51C1F294FBD1A00A3B960 /* SaveNineWidgetBundle.swift in Sources */,
				65EC34FB2999DA3A00AB396A /* FileManager+Images.swift in Sources */,
			);
			runOnlyForDeploymentPostprocessing = 0;
		};
		65D2313D28CD552E00A91A47 /* Sources */ = {
			isa = PBXSourcesBuildPhase;
			buildActionMask = 2147483647;
			files = (
				6560AC30291AA2AB0047E2C6 /* QueryView.swift in Sources */,
				65DBEA4F2A7BDD4600788216 /* DefaultLabel.swift in Sources */,
				65E531022A76EB1B00760FE9 /* PrefersTabNavigationEnvironmentKey.swift in Sources */,
				652D025828D79F9000F818E7 /* TimerTimelineView.swift in Sources */,
				65EF242A28DF870A003749F3 /* ProjectName.swift in Sources */,
				65FC3F4B2A75C6AE00D76AFE /* ProjectImage.swift in Sources */,
				65E531002A76AB5300760FE9 /* ProjectTagsSheet.swift in Sources */,
				65FC92D829A04E27008871A5 /* FileManager+Documents.swift in Sources */,
				653899D529A3B690008E39B4 /* LabelsView.swift in Sources */,
				659FDA6D28E28EC900899A2E /* ProjectRow.swift in Sources */,
				65F4A737296684FC00CABB3C /* Double+Extension.swift in Sources */,
				65EA44CC29A6F1BC00EE9BF0 /* ProjectFile.swift in Sources */,
				65D32BBA2A79AB1300AC9F6B /* Tag.swift in Sources */,
				653899DB29A449AE008E39B4 /* AppIcon.swift in Sources */,
				65011C4B2A75E8E700E36090 /* AppNavigation.swift in Sources */,
				65A51C29294FBD1A00A3B960 /* SaveNineWidget.intentdefinition in Sources */,
				65011C492A75E45700E36090 /* ProjectNavigationStack.swift in Sources */,
				6518916629A5387300ACE985 /* StorageKey.swift in Sources */,
				65F4A72C2965BD0300CABB3C /* UserDefaults+Extension.swift in Sources */,
				65D32BB92A79AB1300AC9F6B /* Project.swift in Sources */,
				65D2316228CD6ED700A91A47 /* ProjectDetail.swift in Sources */,
				65F4A72F2965E5B900CABB3C /* WidgetKind.swift in Sources */,
				6560598F296A04740075C353 /* Date+Extension.swift in Sources */,
				65D2315E28CD5B3B00A91A47 /* AppNavigationSplitView.swift in Sources */,
				65D2314728CD552E00A91A47 /* ContentView.swift in Sources */,
				65011C4D2A75EFD700E36090 /* AppSidebar.swift in Sources */,
				652437352A783AFD00C839C9 /* StopwatchSafeAreaInset.swift in Sources */,
				65C9A346299B3619001FABB1 /* SessionNavigationStack.swift in Sources */,
				65FC92DA29A11C92008871A5 /* SortController.swift in Sources */,
				65A51C32294FC7C400A3B960 /* TrackerAttributes.swift in Sources */,
				65D32BB82A79AB1300AC9F6B /* Session.swift in Sources */,
				6560AC35291AF6660047E2C6 /* SessionDetail.swift in Sources */,
				65FC3F4D2A75C71D00D76AFE /* Image+Extension.swift in Sources */,
				652D025628D79DA300F818E7 /* ProjectSessions.swift in Sources */,
				6560AC37291AFD110047E2C6 /* SessionRow.swift in Sources */,
				65DD6DC8299D299B00FA1E48 /* FileExtension.swift in Sources */,
				65AFF19D299531EC009AB991 /* SessionLabelPicker.swift in Sources */,
				65EC34FA2999DA3A00AB396A /* FileManager+Images.swift in Sources */,
				65C827C6299C836300CAC4C0 /* FetchPredicate.swift in Sources */,
				65F9F3A529A2EC0600D51D7B /* TabController.swift in Sources */,
				65FC3F532A75DBE500D76AFE /* ProjectsSearchResults.swift in Sources */,
				65464D2128F26B74008E1EE6 /* UpdateNameView.swift in Sources */,
				65F9F3A729A2FF6200D51D7B /* SettingsView.swift in Sources */,
				65F4A7262965BB4B00CABB3C /* FileManager+Widgets.swift in Sources */,
				652AE95028D6550E0001294F /* Tracker.swift in Sources */,
				6572FFB829981A96006493DB /* SessionLabelController.swift in Sources */,
				65E531052A76F02100760FE9 /* AppTabView.swift in Sources */,
				65F4A7232965B0C900CABB3C /* Helpers.swift in Sources */,
				65FC92D6299FFD4B008871A5 /* SortOption.swift in Sources */,
				65EC34FD2999DE4800AB396A /* FileManager+AppGroup.swift in Sources */,
				6518916429A5372200ACE985 /* AppIconImageView.swift in Sources */,
				65D2314528CD552E00A91A47 /* SaveNineApp.swift in Sources */,
				65FC92D4299F2A9D008871A5 /* SortOptionsView.swift in Sources */,
				653899D729A3BE3B008E39B4 /* AppIconView.swift in Sources */,
			);
			runOnlyForDeploymentPostprocessing = 0;
		};
/* End PBXSourcesBuildPhase section */

/* Begin PBXTargetDependency section */
		65A51C2B294FBD1A00A3B960 /* PBXTargetDependency */ = {
			isa = PBXTargetDependency;
			target = 65A51C16294FBD1A00A3B960 /* SaveNineWidgetExtension */;
			targetProxy = 65A51C2A294FBD1A00A3B960 /* PBXContainerItemProxy */;
		};
/* End PBXTargetDependency section */

/* Begin XCBuildConfiguration section */
		65A51C2E294FBD1A00A3B960 /* Debug */ = {
			isa = XCBuildConfiguration;
			buildSettings = {
				ASSETCATALOG_COMPILER_GLOBAL_ACCENT_COLOR_NAME = AccentColor;
				ASSETCATALOG_COMPILER_WIDGET_BACKGROUND_COLOR_NAME = WidgetBackground;
				CODE_SIGN_ENTITLEMENTS = SaveNineWidget/SaveNineWidgetExtension.entitlements;
				CODE_SIGN_STYLE = Automatic;
				CURRENT_PROJECT_VERSION = 1;
				DEVELOPMENT_TEAM = 7YY7893TQJ;
				GENERATE_INFOPLIST_FILE = YES;
				INFOPLIST_FILE = SaveNineWidget/Info.plist;
				INFOPLIST_KEY_CFBundleDisplayName = SaveNineWidget;
				INFOPLIST_KEY_NSHumanReadableCopyright = "";
				IPHONEOS_DEPLOYMENT_TARGET = 17.0;
				LD_RUNPATH_SEARCH_PATHS = (
					"$(inherited)",
					"@executable_path/Frameworks",
					"@executable_path/../../Frameworks",
				);
				MARKETING_VERSION = 1.0;
				PRODUCT_BUNDLE_IDENTIFIER = com.pawpawpixel.SaveNine.SaveNineWidget;
				PRODUCT_NAME = "$(TARGET_NAME)";
				SKIP_INSTALL = YES;
				SWIFT_EMIT_LOC_STRINGS = YES;
				SWIFT_VERSION = 5.0;
				TARGETED_DEVICE_FAMILY = "1,2";
			};
			name = Debug;
		};
		65A51C2F294FBD1A00A3B960 /* Release */ = {
			isa = XCBuildConfiguration;
			buildSettings = {
				ASSETCATALOG_COMPILER_GLOBAL_ACCENT_COLOR_NAME = AccentColor;
				ASSETCATALOG_COMPILER_WIDGET_BACKGROUND_COLOR_NAME = WidgetBackground;
				CODE_SIGN_ENTITLEMENTS = SaveNineWidget/SaveNineWidgetExtension.entitlements;
				CODE_SIGN_STYLE = Automatic;
				CURRENT_PROJECT_VERSION = 1;
				DEVELOPMENT_TEAM = 7YY7893TQJ;
				GENERATE_INFOPLIST_FILE = YES;
				INFOPLIST_FILE = SaveNineWidget/Info.plist;
				INFOPLIST_KEY_CFBundleDisplayName = SaveNineWidget;
				INFOPLIST_KEY_NSHumanReadableCopyright = "";
				IPHONEOS_DEPLOYMENT_TARGET = 17.0;
				LD_RUNPATH_SEARCH_PATHS = (
					"$(inherited)",
					"@executable_path/Frameworks",
					"@executable_path/../../Frameworks",
				);
				MARKETING_VERSION = 1.0;
				PRODUCT_BUNDLE_IDENTIFIER = com.pawpawpixel.SaveNine.SaveNineWidget;
				PRODUCT_NAME = "$(TARGET_NAME)";
				SKIP_INSTALL = YES;
				SWIFT_EMIT_LOC_STRINGS = YES;
				SWIFT_VERSION = 5.0;
				TARGETED_DEVICE_FAMILY = "1,2";
			};
			name = Release;
		};
		65D2314D28CD552F00A91A47 /* Debug */ = {
			isa = XCBuildConfiguration;
			buildSettings = {
				ALWAYS_SEARCH_USER_PATHS = NO;
				ASSETCATALOG_COMPILER_GENERATE_SWIFT_ASSET_SYMBOL_EXTENSIONS = YES;
				CLANG_ANALYZER_NONNULL = YES;
				CLANG_ANALYZER_NUMBER_OBJECT_CONVERSION = YES_AGGRESSIVE;
				CLANG_CXX_LANGUAGE_STANDARD = "gnu++20";
				CLANG_ENABLE_MODULES = YES;
				CLANG_ENABLE_OBJC_ARC = YES;
				CLANG_ENABLE_OBJC_WEAK = YES;
				CLANG_WARN_BLOCK_CAPTURE_AUTORELEASING = YES;
				CLANG_WARN_BOOL_CONVERSION = YES;
				CLANG_WARN_COMMA = YES;
				CLANG_WARN_CONSTANT_CONVERSION = YES;
				CLANG_WARN_DEPRECATED_OBJC_IMPLEMENTATIONS = YES;
				CLANG_WARN_DIRECT_OBJC_ISA_USAGE = YES_ERROR;
				CLANG_WARN_DOCUMENTATION_COMMENTS = YES;
				CLANG_WARN_EMPTY_BODY = YES;
				CLANG_WARN_ENUM_CONVERSION = YES;
				CLANG_WARN_INFINITE_RECURSION = YES;
				CLANG_WARN_INT_CONVERSION = YES;
				CLANG_WARN_NON_LITERAL_NULL_CONVERSION = YES;
				CLANG_WARN_OBJC_IMPLICIT_RETAIN_SELF = YES;
				CLANG_WARN_OBJC_LITERAL_CONVERSION = YES;
				CLANG_WARN_OBJC_ROOT_CLASS = YES_ERROR;
				CLANG_WARN_QUOTED_INCLUDE_IN_FRAMEWORK_HEADER = YES;
				CLANG_WARN_RANGE_LOOP_ANALYSIS = YES;
				CLANG_WARN_STRICT_PROTOTYPES = YES;
				CLANG_WARN_SUSPICIOUS_MOVE = YES;
				CLANG_WARN_UNGUARDED_AVAILABILITY = YES_AGGRESSIVE;
				CLANG_WARN_UNREACHABLE_CODE = YES;
				CLANG_WARN__DUPLICATE_METHOD_MATCH = YES;
				COPY_PHASE_STRIP = NO;
				DEBUG_INFORMATION_FORMAT = dwarf;
				ENABLE_STRICT_OBJC_MSGSEND = YES;
				ENABLE_TESTABILITY = YES;
				ENABLE_USER_SCRIPT_SANDBOXING = YES;
				GCC_C_LANGUAGE_STANDARD = gnu11;
				GCC_DYNAMIC_NO_PIC = NO;
				GCC_NO_COMMON_BLOCKS = YES;
				GCC_OPTIMIZATION_LEVEL = 0;
				GCC_PREPROCESSOR_DEFINITIONS = (
					"DEBUG=1",
					"$(inherited)",
				);
				GCC_WARN_64_TO_32_BIT_CONVERSION = YES;
				GCC_WARN_ABOUT_RETURN_TYPE = YES_ERROR;
				GCC_WARN_UNDECLARED_SELECTOR = YES;
				GCC_WARN_UNINITIALIZED_AUTOS = YES_AGGRESSIVE;
				GCC_WARN_UNUSED_FUNCTION = YES;
				GCC_WARN_UNUSED_VARIABLE = YES;
				IPHONEOS_DEPLOYMENT_TARGET = 17.0;
				MTL_ENABLE_DEBUG_INFO = INCLUDE_SOURCE;
				MTL_FAST_MATH = YES;
				ONLY_ACTIVE_ARCH = YES;
				SDKROOT = iphoneos;
				SWIFT_ACTIVE_COMPILATION_CONDITIONS = DEBUG;
				SWIFT_OPTIMIZATION_LEVEL = "-Onone";
			};
			name = Debug;
		};
		65D2314E28CD552F00A91A47 /* Release */ = {
			isa = XCBuildConfiguration;
			buildSettings = {
				ALWAYS_SEARCH_USER_PATHS = NO;
				ASSETCATALOG_COMPILER_GENERATE_SWIFT_ASSET_SYMBOL_EXTENSIONS = YES;
				CLANG_ANALYZER_NONNULL = YES;
				CLANG_ANALYZER_NUMBER_OBJECT_CONVERSION = YES_AGGRESSIVE;
				CLANG_CXX_LANGUAGE_STANDARD = "gnu++20";
				CLANG_ENABLE_MODULES = YES;
				CLANG_ENABLE_OBJC_ARC = YES;
				CLANG_ENABLE_OBJC_WEAK = YES;
				CLANG_WARN_BLOCK_CAPTURE_AUTORELEASING = YES;
				CLANG_WARN_BOOL_CONVERSION = YES;
				CLANG_WARN_COMMA = YES;
				CLANG_WARN_CONSTANT_CONVERSION = YES;
				CLANG_WARN_DEPRECATED_OBJC_IMPLEMENTATIONS = YES;
				CLANG_WARN_DIRECT_OBJC_ISA_USAGE = YES_ERROR;
				CLANG_WARN_DOCUMENTATION_COMMENTS = YES;
				CLANG_WARN_EMPTY_BODY = YES;
				CLANG_WARN_ENUM_CONVERSION = YES;
				CLANG_WARN_INFINITE_RECURSION = YES;
				CLANG_WARN_INT_CONVERSION = YES;
				CLANG_WARN_NON_LITERAL_NULL_CONVERSION = YES;
				CLANG_WARN_OBJC_IMPLICIT_RETAIN_SELF = YES;
				CLANG_WARN_OBJC_LITERAL_CONVERSION = YES;
				CLANG_WARN_OBJC_ROOT_CLASS = YES_ERROR;
				CLANG_WARN_QUOTED_INCLUDE_IN_FRAMEWORK_HEADER = YES;
				CLANG_WARN_RANGE_LOOP_ANALYSIS = YES;
				CLANG_WARN_STRICT_PROTOTYPES = YES;
				CLANG_WARN_SUSPICIOUS_MOVE = YES;
				CLANG_WARN_UNGUARDED_AVAILABILITY = YES_AGGRESSIVE;
				CLANG_WARN_UNREACHABLE_CODE = YES;
				CLANG_WARN__DUPLICATE_METHOD_MATCH = YES;
				COPY_PHASE_STRIP = NO;
				DEBUG_INFORMATION_FORMAT = "dwarf-with-dsym";
				ENABLE_NS_ASSERTIONS = NO;
				ENABLE_STRICT_OBJC_MSGSEND = YES;
				ENABLE_USER_SCRIPT_SANDBOXING = YES;
				GCC_C_LANGUAGE_STANDARD = gnu11;
				GCC_NO_COMMON_BLOCKS = YES;
				GCC_WARN_64_TO_32_BIT_CONVERSION = YES;
				GCC_WARN_ABOUT_RETURN_TYPE = YES_ERROR;
				GCC_WARN_UNDECLARED_SELECTOR = YES;
				GCC_WARN_UNINITIALIZED_AUTOS = YES_AGGRESSIVE;
				GCC_WARN_UNUSED_FUNCTION = YES;
				GCC_WARN_UNUSED_VARIABLE = YES;
				IPHONEOS_DEPLOYMENT_TARGET = 17.0;
				MTL_ENABLE_DEBUG_INFO = NO;
				MTL_FAST_MATH = YES;
				SDKROOT = iphoneos;
				SWIFT_COMPILATION_MODE = wholemodule;
				SWIFT_OPTIMIZATION_LEVEL = "-O";
				VALIDATE_PRODUCT = YES;
			};
			name = Release;
		};
		65D2315028CD552F00A91A47 /* Debug */ = {
			isa = XCBuildConfiguration;
			buildSettings = {
				ALWAYS_EMBED_SWIFT_STANDARD_LIBRARIES = YES;
				ASSETCATALOG_COMPILER_ALTERNATE_APPICON_NAMES = "AppIcon-2";
				ASSETCATALOG_COMPILER_APPICON_NAME = AppIcon;
				ASSETCATALOG_COMPILER_GLOBAL_ACCENT_COLOR_NAME = AccentColor;
				ASSETCATALOG_COMPILER_INCLUDE_ALL_APPICON_ASSETS = YES;
				CODE_SIGN_ENTITLEMENTS = SaveNine/SaveNine.entitlements;
				CODE_SIGN_STYLE = Automatic;
				CURRENT_PROJECT_VERSION = 1;
				DEVELOPMENT_ASSET_PATHS = "\"SaveNine/Preview Content\"";
				DEVELOPMENT_TEAM = 7YY7893TQJ;
				ENABLE_PREVIEWS = YES;
				GENERATE_INFOPLIST_FILE = YES;
				INFOPLIST_FILE = SaveNine/Info.plist;
				INFOPLIST_KEY_CFBundleDisplayName = "Save Nine";
				INFOPLIST_KEY_LSApplicationCategoryType = "public.app-category.productivity";
				INFOPLIST_KEY_NSSupportsLiveActivities = YES;
				INFOPLIST_KEY_UIApplicationSceneManifest_Generation = YES;
				INFOPLIST_KEY_UIApplicationSupportsIndirectInputEvents = YES;
				INFOPLIST_KEY_UILaunchScreen_Generation = YES;
				INFOPLIST_KEY_UISupportedInterfaceOrientations = UIInterfaceOrientationPortrait;
				INFOPLIST_KEY_UISupportedInterfaceOrientations_iPad = "UIInterfaceOrientationLandscapeLeft UIInterfaceOrientationLandscapeRight UIInterfaceOrientationPortrait UIInterfaceOrientationPortraitUpsideDown";
				IPHONEOS_DEPLOYMENT_TARGET = 17.0;
				LD_RUNPATH_SEARCH_PATHS = (
					"$(inherited)",
					"@executable_path/Frameworks",
				);
				MARKETING_VERSION = 1.0;
				PRODUCT_BUNDLE_IDENTIFIER = com.pawpawpixel.SaveNine;
				PRODUCT_NAME = "$(TARGET_NAME)";
				SUPPORTED_PLATFORMS = "iphoneos iphonesimulator";
				SUPPORTS_MACCATALYST = NO;
				SUPPORTS_MAC_DESIGNED_FOR_IPHONE_IPAD = NO;
				SWIFT_EMIT_LOC_STRINGS = YES;
				SWIFT_VERSION = 5.0;
				TARGETED_DEVICE_FAMILY = "1,2";
			};
			name = Debug;
		};
		65D2315128CD552F00A91A47 /* Release */ = {
			isa = XCBuildConfiguration;
			buildSettings = {
				ALWAYS_EMBED_SWIFT_STANDARD_LIBRARIES = YES;
				ASSETCATALOG_COMPILER_ALTERNATE_APPICON_NAMES = "AppIcon-2";
				ASSETCATALOG_COMPILER_APPICON_NAME = AppIcon;
				ASSETCATALOG_COMPILER_GLOBAL_ACCENT_COLOR_NAME = AccentColor;
				ASSETCATALOG_COMPILER_INCLUDE_ALL_APPICON_ASSETS = YES;
				CODE_SIGN_ENTITLEMENTS = SaveNine/SaveNine.entitlements;
				CODE_SIGN_STYLE = Automatic;
				CURRENT_PROJECT_VERSION = 1;
				DEVELOPMENT_ASSET_PATHS = "\"SaveNine/Preview Content\"";
				DEVELOPMENT_TEAM = 7YY7893TQJ;
				ENABLE_PREVIEWS = YES;
				GENERATE_INFOPLIST_FILE = YES;
				INFOPLIST_FILE = SaveNine/Info.plist;
				INFOPLIST_KEY_CFBundleDisplayName = "Save Nine";
				INFOPLIST_KEY_LSApplicationCategoryType = "public.app-category.productivity";
				INFOPLIST_KEY_NSSupportsLiveActivities = YES;
				INFOPLIST_KEY_UIApplicationSceneManifest_Generation = YES;
				INFOPLIST_KEY_UIApplicationSupportsIndirectInputEvents = YES;
				INFOPLIST_KEY_UILaunchScreen_Generation = YES;
				INFOPLIST_KEY_UISupportedInterfaceOrientations = UIInterfaceOrientationPortrait;
				INFOPLIST_KEY_UISupportedInterfaceOrientations_iPad = "UIInterfaceOrientationLandscapeLeft UIInterfaceOrientationLandscapeRight UIInterfaceOrientationPortrait UIInterfaceOrientationPortraitUpsideDown";
				IPHONEOS_DEPLOYMENT_TARGET = 17.0;
				LD_RUNPATH_SEARCH_PATHS = (
					"$(inherited)",
					"@executable_path/Frameworks",
				);
				MARKETING_VERSION = 1.0;
				PRODUCT_BUNDLE_IDENTIFIER = com.pawpawpixel.SaveNine;
				PRODUCT_NAME = "$(TARGET_NAME)";
				SUPPORTED_PLATFORMS = "iphoneos iphonesimulator";
				SUPPORTS_MACCATALYST = NO;
				SUPPORTS_MAC_DESIGNED_FOR_IPHONE_IPAD = NO;
				SWIFT_EMIT_LOC_STRINGS = YES;
				SWIFT_VERSION = 5.0;
				TARGETED_DEVICE_FAMILY = "1,2";
			};
			name = Release;
		};
/* End XCBuildConfiguration section */

/* Begin XCConfigurationList section */
		65A51C30294FBD1A00A3B960 /* Build configuration list for PBXNativeTarget "SaveNineWidgetExtension" */ = {
			isa = XCConfigurationList;
			buildConfigurations = (
				65A51C2E294FBD1A00A3B960 /* Debug */,
				65A51C2F294FBD1A00A3B960 /* Release */,
			);
			defaultConfigurationIsVisible = 0;
			defaultConfigurationName = Release;
		};
		65D2313C28CD552E00A91A47 /* Build configuration list for PBXProject "SaveNine" */ = {
			isa = XCConfigurationList;
			buildConfigurations = (
				65D2314D28CD552F00A91A47 /* Debug */,
				65D2314E28CD552F00A91A47 /* Release */,
			);
			defaultConfigurationIsVisible = 0;
			defaultConfigurationName = Release;
		};
		65D2314F28CD552F00A91A47 /* Build configuration list for PBXNativeTarget "SaveNine" */ = {
			isa = XCConfigurationList;
			buildConfigurations = (
				65D2315028CD552F00A91A47 /* Debug */,
				65D2315128CD552F00A91A47 /* Release */,
			);
			defaultConfigurationIsVisible = 0;
			defaultConfigurationName = Release;
		};
/* End XCConfigurationList section */
	};
	rootObject = 65D2313928CD552E00A91A47 /* Project object */;
}
