// !$*UTF8*$!
{
	archiveVersion = 1;
	classes = {
	};
	objectVersion = 56;
	objects = {

/* Begin PBXBuildFile section */
		651CE21B28F85FF100E1B248 /* Localizable.strings in Resources */ = {isa = PBXBuildFile; fileRef = 651CE21A28F85FF100E1B248 /* Localizable.strings */; };
		651CE21F28FB0A0500E1B248 /* NoContentView.swift in Sources */ = {isa = PBXBuildFile; fileRef = 651CE21E28FB0A0500E1B248 /* NoContentView.swift */; };
		651CE22628FB13D100E1B248 /* Session+CoreDataHelpers.swift in Sources */ = {isa = PBXBuildFile; fileRef = 651CE22528FB13D100E1B248 /* Session+CoreDataHelpers.swift */; };
		652AE95028D6550E0001294F /* TrackerView.swift in Sources */ = {isa = PBXBuildFile; fileRef = 652AE94F28D6550E0001294F /* TrackerView.swift */; };
		652BFD01295F367000179792 /* View+Extension.swift in Sources */ = {isa = PBXBuildFile; fileRef = 652BFD00295F367000179792 /* View+Extension.swift */; };
		652D025628D79DA300F818E7 /* SessionsView.swift in Sources */ = {isa = PBXBuildFile; fileRef = 652D025528D79DA300F818E7 /* SessionsView.swift */; };
		652D025828D79F9000F818E7 /* TimerView.swift in Sources */ = {isa = PBXBuildFile; fileRef = 652D025728D79F9000F818E7 /* TimerView.swift */; };
		6537EAD628E90D87004068CD /* Ptag+CoreDataHelpers.swift in Sources */ = {isa = PBXBuildFile; fileRef = 6537EAD528E90D87004068CD /* Ptag+CoreDataHelpers.swift */; };
		653899D329A3B658008E39B4 /* AboutView.swift in Sources */ = {isa = PBXBuildFile; fileRef = 653899D229A3B658008E39B4 /* AboutView.swift */; };
		653899D529A3B690008E39B4 /* LabelsView.swift in Sources */ = {isa = PBXBuildFile; fileRef = 653899D429A3B690008E39B4 /* LabelsView.swift */; };
		653899D729A3BE3B008E39B4 /* AppIconView.swift in Sources */ = {isa = PBXBuildFile; fileRef = 653899D629A3BE3B008E39B4 /* AppIconView.swift */; };
		653B2DDD2976502400EAD9CD /* LastTrackedView.swift in Sources */ = {isa = PBXBuildFile; fileRef = 653B2DDC2976502400EAD9CD /* LastTrackedView.swift */; };
		6544E57D28F067E9009CB296 /* TagView.swift in Sources */ = {isa = PBXBuildFile; fileRef = 6544E57C28F067E9009CB296 /* TagView.swift */; };
		65464D2128F26B74008E1EE6 /* UpdateNameView.swift in Sources */ = {isa = PBXBuildFile; fileRef = 65464D2028F26B74008E1EE6 /* UpdateNameView.swift */; };
		6560598F296A04740075C353 /* Date+Extension.swift in Sources */ = {isa = PBXBuildFile; fileRef = 65F4A7312966826E00CABB3C /* Date+Extension.swift */; };
		6560AC30291AA2AB0047E2C6 /* FetchRequestView.swift in Sources */ = {isa = PBXBuildFile; fileRef = 6560AC2F291AA2AB0047E2C6 /* FetchRequestView.swift */; };
		6560AC35291AF6660047E2C6 /* SessionDetailView.swift in Sources */ = {isa = PBXBuildFile; fileRef = 6560AC34291AF6660047E2C6 /* SessionDetailView.swift */; };
		6560AC37291AFD110047E2C6 /* SessionRowView.swift in Sources */ = {isa = PBXBuildFile; fileRef = 6560AC36291AFD110047E2C6 /* SessionRowView.swift */; };
		6572FFB829981A96006493DB /* SessionLabelController.swift in Sources */ = {isa = PBXBuildFile; fileRef = 6572FFB729981A96006493DB /* SessionLabelController.swift */; };
		658CF37228EBBEBF00DA1DA2 /* TagDrawerView.swift in Sources */ = {isa = PBXBuildFile; fileRef = 658CF37128EBBEBF00DA1DA2 /* TagDrawerView.swift */; };
		659FDA6D28E28EC900899A2E /* ProjectRowView.swift in Sources */ = {isa = PBXBuildFile; fileRef = 659FDA6C28E28EC900899A2E /* ProjectRowView.swift */; };
		65A51C1A294FBD1A00A3B960 /* WidgetKit.framework in Frameworks */ = {isa = PBXBuildFile; fileRef = 65A51C19294FBD1A00A3B960 /* WidgetKit.framework */; };
		65A51C1C294FBD1A00A3B960 /* SwiftUI.framework in Frameworks */ = {isa = PBXBuildFile; fileRef = 65A51C1B294FBD1A00A3B960 /* SwiftUI.framework */; };
		65A51C1F294FBD1A00A3B960 /* SaveNineWidgetBundle.swift in Sources */ = {isa = PBXBuildFile; fileRef = 65A51C1E294FBD1A00A3B960 /* SaveNineWidgetBundle.swift */; };
		65A51C21294FBD1A00A3B960 /* SaveNineWidgetLiveActivity.swift in Sources */ = {isa = PBXBuildFile; fileRef = 65A51C20294FBD1A00A3B960 /* SaveNineWidgetLiveActivity.swift */; };
		65A51C23294FBD1A00A3B960 /* LastTrackedWidget.swift in Sources */ = {isa = PBXBuildFile; fileRef = 65A51C22294FBD1A00A3B960 /* LastTrackedWidget.swift */; };
		65A51C26294FBD1A00A3B960 /* Assets.xcassets in Resources */ = {isa = PBXBuildFile; fileRef = 65A51C25294FBD1A00A3B960 /* Assets.xcassets */; };
		65A51C28294FBD1A00A3B960 /* SaveNineWidget.intentdefinition in Sources */ = {isa = PBXBuildFile; fileRef = 65A51C24294FBD1A00A3B960 /* SaveNineWidget.intentdefinition */; };
		65A51C29294FBD1A00A3B960 /* SaveNineWidget.intentdefinition in Sources */ = {isa = PBXBuildFile; fileRef = 65A51C24294FBD1A00A3B960 /* SaveNineWidget.intentdefinition */; };
		65A51C2C294FBD1A00A3B960 /* SaveNineWidgetExtension.appex in Embed Foundation Extensions */ = {isa = PBXBuildFile; fileRef = 65A51C17294FBD1A00A3B960 /* SaveNineWidgetExtension.appex */; settings = {ATTRIBUTES = (RemoveHeadersOnCopy, ); }; };
		65A51C32294FC7C400A3B960 /* TrackerAttributes.swift in Sources */ = {isa = PBXBuildFile; fileRef = 65A51C31294FC7C400A3B960 /* TrackerAttributes.swift */; };
		65A51C33294FC7F400A3B960 /* TrackerAttributes.swift in Sources */ = {isa = PBXBuildFile; fileRef = 65A51C31294FC7C400A3B960 /* TrackerAttributes.swift */; };
		65A51C3B2950A1B200A3B960 /* TimerLiveActivityView.swift in Sources */ = {isa = PBXBuildFile; fileRef = 65A51C3A2950A1B200A3B960 /* TimerLiveActivityView.swift */; };
		65AFF19D299531EC009AB991 /* SessionLabelPickerView.swift in Sources */ = {isa = PBXBuildFile; fileRef = 65AFF19C299531EC009AB991 /* SessionLabelPickerView.swift */; };
		65C827C6299C836300CAC4C0 /* FetchPredicate.swift in Sources */ = {isa = PBXBuildFile; fileRef = 65C827C5299C836300CAC4C0 /* FetchPredicate.swift */; };
		65C827C8299C97FF00CAC4C0 /* ProjectFormView.swift in Sources */ = {isa = PBXBuildFile; fileRef = 65C827C7299C97FF00CAC4C0 /* ProjectFormView.swift */; };
		65C9A346299B3619001FABB1 /* SessionsTabView.swift in Sources */ = {isa = PBXBuildFile; fileRef = 65C9A345299B3619001FABB1 /* SessionsTabView.swift */; };
		65D2314528CD552E00A91A47 /* SaveNineApp.swift in Sources */ = {isa = PBXBuildFile; fileRef = 65D2314428CD552E00A91A47 /* SaveNineApp.swift */; };
		65D2314728CD552E00A91A47 /* ContentView.swift in Sources */ = {isa = PBXBuildFile; fileRef = 65D2314628CD552E00A91A47 /* ContentView.swift */; };
		65D2314928CD552F00A91A47 /* Assets.xcassets in Resources */ = {isa = PBXBuildFile; fileRef = 65D2314828CD552F00A91A47 /* Assets.xcassets */; };
		65D2314C28CD552F00A91A47 /* Preview Assets.xcassets in Resources */ = {isa = PBXBuildFile; fileRef = 65D2314B28CD552F00A91A47 /* Preview Assets.xcassets */; };
		65D2315428CD553F00A91A47 /* Main.xcdatamodeld in Sources */ = {isa = PBXBuildFile; fileRef = 65D2315228CD553F00A91A47 /* Main.xcdatamodeld */; };
		65D2315628CD590900A91A47 /* Project+CoreDataHelpers.swift in Sources */ = {isa = PBXBuildFile; fileRef = 65D2315528CD590900A91A47 /* Project+CoreDataHelpers.swift */; };
		65D2315C28CD5A1B00A91A47 /* DataController.swift in Sources */ = {isa = PBXBuildFile; fileRef = 65D2315B28CD5A1B00A91A47 /* DataController.swift */; };
		65D2315E28CD5B3B00A91A47 /* ProjectsTabView.swift in Sources */ = {isa = PBXBuildFile; fileRef = 65D2315D28CD5B3B00A91A47 /* ProjectsTabView.swift */; };
		65D2316228CD6ED700A91A47 /* ProjectDetailView.swift in Sources */ = {isa = PBXBuildFile; fileRef = 65D2316128CD6ED700A91A47 /* ProjectDetailView.swift */; };
		65DD023B28D121AD00567676 /* PhotoPickerView.swift in Sources */ = {isa = PBXBuildFile; fileRef = 65DD023A28D121AD00567676 /* PhotoPickerView.swift */; };
		65DD6DC8299D299B00FA1E48 /* FileExtension.swift in Sources */ = {isa = PBXBuildFile; fileRef = 65DD6DC7299D299B00FA1E48 /* FileExtension.swift */; };
		65DD6DC9299D299B00FA1E48 /* FileExtension.swift in Sources */ = {isa = PBXBuildFile; fileRef = 65DD6DC7299D299B00FA1E48 /* FileExtension.swift */; };
		65EC34FA2999DA3A00AB396A /* FileManager+Images.swift in Sources */ = {isa = PBXBuildFile; fileRef = 65EC34F92999DA3A00AB396A /* FileManager+Images.swift */; };
		65EC34FB2999DA3A00AB396A /* FileManager+Images.swift in Sources */ = {isa = PBXBuildFile; fileRef = 65EC34F92999DA3A00AB396A /* FileManager+Images.swift */; };
		65EC34FD2999DE4800AB396A /* FileManager+AppGroup.swift in Sources */ = {isa = PBXBuildFile; fileRef = 65EC34FC2999DE4800AB396A /* FileManager+AppGroup.swift */; };
		65EC34FE2999DE4800AB396A /* FileManager+AppGroup.swift in Sources */ = {isa = PBXBuildFile; fileRef = 65EC34FC2999DE4800AB396A /* FileManager+AppGroup.swift */; };
		65EF242A28DF870A003749F3 /* ProjectNameView.swift in Sources */ = {isa = PBXBuildFile; fileRef = 65EF242928DF870A003749F3 /* ProjectNameView.swift */; };
		65F4A7192964761C00CABB3C /* ProjectWidget.swift in Sources */ = {isa = PBXBuildFile; fileRef = 65F4A7182964761C00CABB3C /* ProjectWidget.swift */; };
		65F4A71A2964771100CABB3C /* ProjectWidget.swift in Sources */ = {isa = PBXBuildFile; fileRef = 65F4A7182964761C00CABB3C /* ProjectWidget.swift */; };
		65F4A7232965B0C900CABB3C /* Helpers.swift in Sources */ = {isa = PBXBuildFile; fileRef = 65F4A7222965B0C900CABB3C /* Helpers.swift */; };
		65F4A7242965B0C900CABB3C /* Helpers.swift in Sources */ = {isa = PBXBuildFile; fileRef = 65F4A7222965B0C900CABB3C /* Helpers.swift */; };
		65F4A7262965BB4B00CABB3C /* FileManager+Widgets.swift in Sources */ = {isa = PBXBuildFile; fileRef = 65F4A7252965BB4B00CABB3C /* FileManager+Widgets.swift */; };
		65F4A7272965BB4B00CABB3C /* FileManager+Widgets.swift in Sources */ = {isa = PBXBuildFile; fileRef = 65F4A7252965BB4B00CABB3C /* FileManager+Widgets.swift */; };
		65F4A72C2965BD0300CABB3C /* UserDefaults+Extension.swift in Sources */ = {isa = PBXBuildFile; fileRef = 65F4A72B2965BD0300CABB3C /* UserDefaults+Extension.swift */; };
		65F4A72D2965BD0300CABB3C /* UserDefaults+Extension.swift in Sources */ = {isa = PBXBuildFile; fileRef = 65F4A72B2965BD0300CABB3C /* UserDefaults+Extension.swift */; };
		65F4A72F2965E5B900CABB3C /* S9WidgetKind.swift in Sources */ = {isa = PBXBuildFile; fileRef = 65F4A72E2965E5B900CABB3C /* S9WidgetKind.swift */; };
		65F4A7302965E5B900CABB3C /* S9WidgetKind.swift in Sources */ = {isa = PBXBuildFile; fileRef = 65F4A72E2965E5B900CABB3C /* S9WidgetKind.swift */; };
		65F4A7322966826E00CABB3C /* Date+Extension.swift in Sources */ = {isa = PBXBuildFile; fileRef = 65F4A7312966826E00CABB3C /* Date+Extension.swift */; };
		65F4A737296684FC00CABB3C /* Double+Extension.swift in Sources */ = {isa = PBXBuildFile; fileRef = 65F4A736296684FC00CABB3C /* Double+Extension.swift */; };
		65F4A73929668C2700CABB3C /* Double+Extension.swift in Sources */ = {isa = PBXBuildFile; fileRef = 65F4A736296684FC00CABB3C /* Double+Extension.swift */; };
		65F648AF28E0FB370086512D /* Checklist+CoreDataHelpers.swift in Sources */ = {isa = PBXBuildFile; fileRef = 65F648AE28E0FB370086512D /* Checklist+CoreDataHelpers.swift */; };
		65F648B128E0FBF90086512D /* Item+CoreDataHelpers.swift in Sources */ = {isa = PBXBuildFile; fileRef = 65F648B028E0FBF90086512D /* Item+CoreDataHelpers.swift */; };
		65F648B328E0FE180086512D /* ChecklistRowView.swift in Sources */ = {isa = PBXBuildFile; fileRef = 65F648B228E0FE180086512D /* ChecklistRowView.swift */; };
		65F648B528E0FEEA0086512D /* ChecklistHeaderView.swift in Sources */ = {isa = PBXBuildFile; fileRef = 65F648B428E0FEEA0086512D /* ChecklistHeaderView.swift */; };
		65F648B728E100EF0086512D /* ItemDetailView.swift in Sources */ = {isa = PBXBuildFile; fileRef = 65F648B628E100EF0086512D /* ItemDetailView.swift */; };
		65F648B928E10B080086512D /* ChecklistView.swift in Sources */ = {isa = PBXBuildFile; fileRef = 65F648B828E10B080086512D /* ChecklistView.swift */; };
		65F9F3A529A2EC0600D51D7B /* TabController.swift in Sources */ = {isa = PBXBuildFile; fileRef = 65F9F3A429A2EC0600D51D7B /* TabController.swift */; };
		65F9F3A729A2FF6200D51D7B /* SettingsView.swift in Sources */ = {isa = PBXBuildFile; fileRef = 65F9F3A629A2FF6200D51D7B /* SettingsView.swift */; };
		65FC92D4299F2A9D008871A5 /* SortOptionsView.swift in Sources */ = {isa = PBXBuildFile; fileRef = 65FC92D3299F2A9D008871A5 /* SortOptionsView.swift */; };
		65FC92D6299FFD4B008871A5 /* SortOption.swift in Sources */ = {isa = PBXBuildFile; fileRef = 65FC92D5299FFD4B008871A5 /* SortOption.swift */; };
		65FC92D829A04E27008871A5 /* FileManager+Documents.swift in Sources */ = {isa = PBXBuildFile; fileRef = 65FC92D729A04E27008871A5 /* FileManager+Documents.swift */; };
		65FC92DA29A11C92008871A5 /* SortController.swift in Sources */ = {isa = PBXBuildFile; fileRef = 65FC92D929A11C92008871A5 /* SortController.swift */; };
/* End PBXBuildFile section */

/* Begin PBXContainerItemProxy section */
		65A51C2A294FBD1A00A3B960 /* PBXContainerItemProxy */ = {
			isa = PBXContainerItemProxy;
			containerPortal = 65D2313928CD552E00A91A47 /* Project object */;
			proxyType = 1;
			remoteGlobalIDString = 65A51C16294FBD1A00A3B960;
			remoteInfo = SaveNineWidgetExtension;
		};
/* End PBXContainerItemProxy section */

/* Begin PBXCopyFilesBuildPhase section */
		65A51C2D294FBD1A00A3B960 /* Embed Foundation Extensions */ = {
			isa = PBXCopyFilesBuildPhase;
			buildActionMask = 2147483647;
			dstPath = "";
			dstSubfolderSpec = 13;
			files = (
				65A51C2C294FBD1A00A3B960 /* SaveNineWidgetExtension.appex in Embed Foundation Extensions */,
			);
			name = "Embed Foundation Extensions";
			runOnlyForDeploymentPostprocessing = 0;
		};
/* End PBXCopyFilesBuildPhase section */

/* Begin PBXFileReference section */
		651CE21A28F85FF100E1B248 /* Localizable.strings */ = {isa = PBXFileReference; lastKnownFileType = text.plist.strings; path = Localizable.strings; sourceTree = "<group>"; };
		651CE21E28FB0A0500E1B248 /* NoContentView.swift */ = {isa = PBXFileReference; lastKnownFileType = sourcecode.swift; path = NoContentView.swift; sourceTree = "<group>"; };
		651CE22528FB13D100E1B248 /* Session+CoreDataHelpers.swift */ = {isa = PBXFileReference; lastKnownFileType = sourcecode.swift; path = "Session+CoreDataHelpers.swift"; sourceTree = "<group>"; };
		652AE94F28D6550E0001294F /* TrackerView.swift */ = {isa = PBXFileReference; lastKnownFileType = sourcecode.swift; path = TrackerView.swift; sourceTree = "<group>"; };
		652BFD00295F367000179792 /* View+Extension.swift */ = {isa = PBXFileReference; lastKnownFileType = sourcecode.swift; path = "View+Extension.swift"; sourceTree = "<group>"; };
		652D025528D79DA300F818E7 /* SessionsView.swift */ = {isa = PBXFileReference; lastKnownFileType = sourcecode.swift; path = SessionsView.swift; sourceTree = "<group>"; };
		652D025728D79F9000F818E7 /* TimerView.swift */ = {isa = PBXFileReference; lastKnownFileType = sourcecode.swift; path = TimerView.swift; sourceTree = "<group>"; };
		6537EAD528E90D87004068CD /* Ptag+CoreDataHelpers.swift */ = {isa = PBXFileReference; lastKnownFileType = sourcecode.swift; path = "Ptag+CoreDataHelpers.swift"; sourceTree = "<group>"; };
		653899D229A3B658008E39B4 /* AboutView.swift */ = {isa = PBXFileReference; lastKnownFileType = sourcecode.swift; path = AboutView.swift; sourceTree = "<group>"; };
		653899D429A3B690008E39B4 /* LabelsView.swift */ = {isa = PBXFileReference; lastKnownFileType = sourcecode.swift; path = LabelsView.swift; sourceTree = "<group>"; };
		653899D629A3BE3B008E39B4 /* AppIconView.swift */ = {isa = PBXFileReference; lastKnownFileType = sourcecode.swift; path = AppIconView.swift; sourceTree = "<group>"; };
		653B2DDC2976502400EAD9CD /* LastTrackedView.swift */ = {isa = PBXFileReference; lastKnownFileType = sourcecode.swift; path = LastTrackedView.swift; sourceTree = "<group>"; };
		6544E57C28F067E9009CB296 /* TagView.swift */ = {isa = PBXFileReference; lastKnownFileType = sourcecode.swift; path = TagView.swift; sourceTree = "<group>"; };
		65464D2028F26B74008E1EE6 /* UpdateNameView.swift */ = {isa = PBXFileReference; lastKnownFileType = sourcecode.swift; path = UpdateNameView.swift; sourceTree = "<group>"; };
		6560AC2F291AA2AB0047E2C6 /* FetchRequestView.swift */ = {isa = PBXFileReference; lastKnownFileType = sourcecode.swift; path = FetchRequestView.swift; sourceTree = "<group>"; };
		6560AC34291AF6660047E2C6 /* SessionDetailView.swift */ = {isa = PBXFileReference; lastKnownFileType = sourcecode.swift; path = SessionDetailView.swift; sourceTree = "<group>"; };
		6560AC36291AFD110047E2C6 /* SessionRowView.swift */ = {isa = PBXFileReference; lastKnownFileType = sourcecode.swift; path = SessionRowView.swift; sourceTree = "<group>"; };
		657081DC28D8E44A006C568D /* SaveNine.entitlements */ = {isa = PBXFileReference; lastKnownFileType = text.plist.entitlements; path = SaveNine.entitlements; sourceTree = "<group>"; };
		657081DD28D8E460006C568D /* Info.plist */ = {isa = PBXFileReference; lastKnownFileType = text.plist.xml; path = Info.plist; sourceTree = "<group>"; };
		6572FFB729981A96006493DB /* SessionLabelController.swift */ = {isa = PBXFileReference; lastKnownFileType = sourcecode.swift; path = SessionLabelController.swift; sourceTree = "<group>"; };
		658CF37128EBBEBF00DA1DA2 /* TagDrawerView.swift */ = {isa = PBXFileReference; lastKnownFileType = sourcecode.swift; path = TagDrawerView.swift; sourceTree = "<group>"; };
		659FDA6C28E28EC900899A2E /* ProjectRowView.swift */ = {isa = PBXFileReference; lastKnownFileType = sourcecode.swift; path = ProjectRowView.swift; sourceTree = "<group>"; };
		65A51C17294FBD1A00A3B960 /* SaveNineWidgetExtension.appex */ = {isa = PBXFileReference; explicitFileType = "wrapper.app-extension"; includeInIndex = 0; path = SaveNineWidgetExtension.appex; sourceTree = BUILT_PRODUCTS_DIR; };
		65A51C19294FBD1A00A3B960 /* WidgetKit.framework */ = {isa = PBXFileReference; lastKnownFileType = wrapper.framework; name = WidgetKit.framework; path = System/Library/Frameworks/WidgetKit.framework; sourceTree = SDKROOT; };
		65A51C1B294FBD1A00A3B960 /* SwiftUI.framework */ = {isa = PBXFileReference; lastKnownFileType = wrapper.framework; name = SwiftUI.framework; path = System/Library/Frameworks/SwiftUI.framework; sourceTree = SDKROOT; };
		65A51C1E294FBD1A00A3B960 /* SaveNineWidgetBundle.swift */ = {isa = PBXFileReference; lastKnownFileType = sourcecode.swift; path = SaveNineWidgetBundle.swift; sourceTree = "<group>"; };
		65A51C20294FBD1A00A3B960 /* SaveNineWidgetLiveActivity.swift */ = {isa = PBXFileReference; lastKnownFileType = sourcecode.swift; path = SaveNineWidgetLiveActivity.swift; sourceTree = "<group>"; };
		65A51C22294FBD1A00A3B960 /* LastTrackedWidget.swift */ = {isa = PBXFileReference; lastKnownFileType = sourcecode.swift; path = LastTrackedWidget.swift; sourceTree = "<group>"; };
		65A51C24294FBD1A00A3B960 /* SaveNineWidget.intentdefinition */ = {isa = PBXFileReference; lastKnownFileType = file.intentdefinition; path = SaveNineWidget.intentdefinition; sourceTree = "<group>"; };
		65A51C25294FBD1A00A3B960 /* Assets.xcassets */ = {isa = PBXFileReference; lastKnownFileType = folder.assetcatalog; path = Assets.xcassets; sourceTree = "<group>"; };
		65A51C27294FBD1A00A3B960 /* Info.plist */ = {isa = PBXFileReference; lastKnownFileType = text.plist.xml; path = Info.plist; sourceTree = "<group>"; };
		65A51C31294FC7C400A3B960 /* TrackerAttributes.swift */ = {isa = PBXFileReference; lastKnownFileType = sourcecode.swift; path = TrackerAttributes.swift; sourceTree = "<group>"; };
		65A51C3A2950A1B200A3B960 /* TimerLiveActivityView.swift */ = {isa = PBXFileReference; lastKnownFileType = sourcecode.swift; path = TimerLiveActivityView.swift; sourceTree = "<group>"; };
		65AFF19C299531EC009AB991 /* SessionLabelPickerView.swift */ = {isa = PBXFileReference; lastKnownFileType = sourcecode.swift; path = SessionLabelPickerView.swift; sourceTree = "<group>"; };
		65C827C5299C836300CAC4C0 /* FetchPredicate.swift */ = {isa = PBXFileReference; lastKnownFileType = sourcecode.swift; path = FetchPredicate.swift; sourceTree = "<group>"; };
		65C827C7299C97FF00CAC4C0 /* ProjectFormView.swift */ = {isa = PBXFileReference; lastKnownFileType = sourcecode.swift; path = ProjectFormView.swift; sourceTree = "<group>"; };
		65C9A345299B3619001FABB1 /* SessionsTabView.swift */ = {isa = PBXFileReference; lastKnownFileType = sourcecode.swift; path = SessionsTabView.swift; sourceTree = "<group>"; };
		65D2314128CD552E00A91A47 /* SaveNine.app */ = {isa = PBXFileReference; explicitFileType = wrapper.application; includeInIndex = 0; path = SaveNine.app; sourceTree = BUILT_PRODUCTS_DIR; };
		65D2314428CD552E00A91A47 /* SaveNineApp.swift */ = {isa = PBXFileReference; lastKnownFileType = sourcecode.swift; path = SaveNineApp.swift; sourceTree = "<group>"; };
		65D2314628CD552E00A91A47 /* ContentView.swift */ = {isa = PBXFileReference; lastKnownFileType = sourcecode.swift; path = ContentView.swift; sourceTree = "<group>"; };
		65D2314828CD552F00A91A47 /* Assets.xcassets */ = {isa = PBXFileReference; lastKnownFileType = folder.assetcatalog; path = Assets.xcassets; sourceTree = "<group>"; };
		65D2314B28CD552F00A91A47 /* Preview Assets.xcassets */ = {isa = PBXFileReference; lastKnownFileType = folder.assetcatalog; path = "Preview Assets.xcassets"; sourceTree = "<group>"; };
		65D2315328CD553F00A91A47 /* Main.xcdatamodel */ = {isa = PBXFileReference; lastKnownFileType = wrapper.xcdatamodel; path = Main.xcdatamodel; sourceTree = "<group>"; };
		65D2315528CD590900A91A47 /* Project+CoreDataHelpers.swift */ = {isa = PBXFileReference; lastKnownFileType = sourcecode.swift; path = "Project+CoreDataHelpers.swift"; sourceTree = "<group>"; };
		65D2315B28CD5A1B00A91A47 /* DataController.swift */ = {isa = PBXFileReference; lastKnownFileType = sourcecode.swift; path = DataController.swift; sourceTree = "<group>"; };
		65D2315D28CD5B3B00A91A47 /* ProjectsTabView.swift */ = {isa = PBXFileReference; lastKnownFileType = sourcecode.swift; path = ProjectsTabView.swift; sourceTree = "<group>"; };
		65D2316128CD6ED700A91A47 /* ProjectDetailView.swift */ = {isa = PBXFileReference; lastKnownFileType = sourcecode.swift; path = ProjectDetailView.swift; sourceTree = "<group>"; };
		65DD023A28D121AD00567676 /* PhotoPickerView.swift */ = {isa = PBXFileReference; lastKnownFileType = sourcecode.swift; path = PhotoPickerView.swift; sourceTree = "<group>"; };
		65DD6DC7299D299B00FA1E48 /* FileExtension.swift */ = {isa = PBXFileReference; lastKnownFileType = sourcecode.swift; path = FileExtension.swift; sourceTree = "<group>"; };
		65EC34F92999DA3A00AB396A /* FileManager+Images.swift */ = {isa = PBXFileReference; lastKnownFileType = sourcecode.swift; path = "FileManager+Images.swift"; sourceTree = "<group>"; };
		65EC34FC2999DE4800AB396A /* FileManager+AppGroup.swift */ = {isa = PBXFileReference; lastKnownFileType = sourcecode.swift; path = "FileManager+AppGroup.swift"; sourceTree = "<group>"; };
		65EF242928DF870A003749F3 /* ProjectNameView.swift */ = {isa = PBXFileReference; lastKnownFileType = sourcecode.swift; path = ProjectNameView.swift; sourceTree = "<group>"; };
		65F4A70D2963AFFB00CABB3C /* SaveNineWidgetExtension.entitlements */ = {isa = PBXFileReference; lastKnownFileType = text.plist.entitlements; path = SaveNineWidgetExtension.entitlements; sourceTree = "<group>"; };
		65F4A7182964761C00CABB3C /* ProjectWidget.swift */ = {isa = PBXFileReference; lastKnownFileType = sourcecode.swift; path = ProjectWidget.swift; sourceTree = "<group>"; };
		65F4A7222965B0C900CABB3C /* Helpers.swift */ = {isa = PBXFileReference; lastKnownFileType = sourcecode.swift; path = Helpers.swift; sourceTree = "<group>"; };
		65F4A7252965BB4B00CABB3C /* FileManager+Widgets.swift */ = {isa = PBXFileReference; lastKnownFileType = sourcecode.swift; path = "FileManager+Widgets.swift"; sourceTree = "<group>"; };
		65F4A72B2965BD0300CABB3C /* UserDefaults+Extension.swift */ = {isa = PBXFileReference; lastKnownFileType = sourcecode.swift; path = "UserDefaults+Extension.swift"; sourceTree = "<group>"; };
		65F4A72E2965E5B900CABB3C /* S9WidgetKind.swift */ = {isa = PBXFileReference; lastKnownFileType = sourcecode.swift; path = S9WidgetKind.swift; sourceTree = "<group>"; };
		65F4A7312966826E00CABB3C /* Date+Extension.swift */ = {isa = PBXFileReference; lastKnownFileType = sourcecode.swift; path = "Date+Extension.swift"; sourceTree = "<group>"; };
		65F4A736296684FC00CABB3C /* Double+Extension.swift */ = {isa = PBXFileReference; lastKnownFileType = sourcecode.swift; path = "Double+Extension.swift"; sourceTree = "<group>"; };
		65F648AE28E0FB370086512D /* Checklist+CoreDataHelpers.swift */ = {isa = PBXFileReference; lastKnownFileType = sourcecode.swift; path = "Checklist+CoreDataHelpers.swift"; sourceTree = "<group>"; };
		65F648B028E0FBF90086512D /* Item+CoreDataHelpers.swift */ = {isa = PBXFileReference; lastKnownFileType = sourcecode.swift; path = "Item+CoreDataHelpers.swift"; sourceTree = "<group>"; };
		65F648B228E0FE180086512D /* ChecklistRowView.swift */ = {isa = PBXFileReference; lastKnownFileType = sourcecode.swift; path = ChecklistRowView.swift; sourceTree = "<group>"; };
		65F648B428E0FEEA0086512D /* ChecklistHeaderView.swift */ = {isa = PBXFileReference; lastKnownFileType = sourcecode.swift; path = ChecklistHeaderView.swift; sourceTree = "<group>"; };
		65F648B628E100EF0086512D /* ItemDetailView.swift */ = {isa = PBXFileReference; lastKnownFileType = sourcecode.swift; path = ItemDetailView.swift; sourceTree = "<group>"; };
		65F648B828E10B080086512D /* ChecklistView.swift */ = {isa = PBXFileReference; lastKnownFileType = sourcecode.swift; path = ChecklistView.swift; sourceTree = "<group>"; };
		65F9F3A429A2EC0600D51D7B /* TabController.swift */ = {isa = PBXFileReference; lastKnownFileType = sourcecode.swift; path = TabController.swift; sourceTree = "<group>"; };
		65F9F3A629A2FF6200D51D7B /* SettingsView.swift */ = {isa = PBXFileReference; lastKnownFileType = sourcecode.swift; path = SettingsView.swift; sourceTree = "<group>"; };
		65FC92D3299F2A9D008871A5 /* SortOptionsView.swift */ = {isa = PBXFileReference; lastKnownFileType = sourcecode.swift; path = SortOptionsView.swift; sourceTree = "<group>"; };
		65FC92D5299FFD4B008871A5 /* SortOption.swift */ = {isa = PBXFileReference; lastKnownFileType = sourcecode.swift; path = SortOption.swift; sourceTree = "<group>"; };
		65FC92D729A04E27008871A5 /* FileManager+Documents.swift */ = {isa = PBXFileReference; lastKnownFileType = sourcecode.swift; path = "FileManager+Documents.swift"; sourceTree = "<group>"; };
		65FC92D929A11C92008871A5 /* SortController.swift */ = {isa = PBXFileReference; lastKnownFileType = sourcecode.swift; path = SortController.swift; sourceTree = "<group>"; };
/* End PBXFileReference section */

/* Begin PBXFrameworksBuildPhase section */
		65A51C14294FBD1A00A3B960 /* Frameworks */ = {
			isa = PBXFrameworksBuildPhase;
			buildActionMask = 2147483647;
			files = (
				65A51C1C294FBD1A00A3B960 /* SwiftUI.framework in Frameworks */,
				65A51C1A294FBD1A00A3B960 /* WidgetKit.framework in Frameworks */,
			);
			runOnlyForDeploymentPostprocessing = 0;
		};
		65D2313E28CD552E00A91A47 /* Frameworks */ = {
			isa = PBXFrameworksBuildPhase;
			buildActionMask = 2147483647;
			files = (
			);
			runOnlyForDeploymentPostprocessing = 0;
		};
/* End PBXFrameworksBuildPhase section */

/* Begin PBXGroup section */
		651CE22028FB0EC600E1B248 /* Checklists */ = {
			isa = PBXGroup;
			children = (
				65F648B428E0FEEA0086512D /* ChecklistHeaderView.swift */,
				65F648B228E0FE180086512D /* ChecklistRowView.swift */,
				65F648B828E10B080086512D /* ChecklistView.swift */,
				65F648B628E100EF0086512D /* ItemDetailView.swift */,
			);
			path = Checklists;
			sourceTree = "<group>";
		};
		651CE22128FB0EFA00E1B248 /* Tracker */ = {
			isa = PBXGroup;
			children = (
				652AE94F28D6550E0001294F /* TrackerView.swift */,
				652D025728D79F9000F818E7 /* TimerView.swift */,
			);
			path = Tracker;
			sourceTree = "<group>";
		};
		651CE22228FB10BF00E1B248 /* Reuseable */ = {
			isa = PBXGroup;
			children = (
				65DD023A28D121AD00567676 /* PhotoPickerView.swift */,
				651CE21E28FB0A0500E1B248 /* NoContentView.swift */,
				6560AC2F291AA2AB0047E2C6 /* FetchRequestView.swift */,
				65FC92D3299F2A9D008871A5 /* SortOptionsView.swift */,
				65464D2028F26B74008E1EE6 /* UpdateNameView.swift */,
			);
			path = Reuseable;
			sourceTree = "<group>";
		};
		651CE22428FB125C00E1B248 /* Tags */ = {
			isa = PBXGroup;
			children = (
				658CF37128EBBEBF00DA1DA2 /* TagDrawerView.swift */,
				6544E57C28F067E9009CB296 /* TagView.swift */,
			);
			path = Tags;
			sourceTree = "<group>";
		};
		653899CF29A3B303008E39B4 /* Settings */ = {
			isa = PBXGroup;
			children = (
				653899D229A3B658008E39B4 /* AboutView.swift */,
				653899D629A3BE3B008E39B4 /* AppIconView.swift */,
				653899D429A3B690008E39B4 /* LabelsView.swift */,
				65F9F3A629A2FF6200D51D7B /* SettingsView.swift */,
			);
			path = Settings;
			sourceTree = "<group>";
		};
		655869292976151C0015E20F /* Views */ = {
			isa = PBXGroup;
			children = (
				65A51C3A2950A1B200A3B960 /* TimerLiveActivityView.swift */,
				653B2DDC2976502400EAD9CD /* LastTrackedView.swift */,
			);
			path = Views;
			sourceTree = "<group>";
		};
		6558692A297615470015E20F /* Widgets */ = {
			isa = PBXGroup;
			children = (
				65A51C22294FBD1A00A3B960 /* LastTrackedWidget.swift */,
				65A51C20294FBD1A00A3B960 /* SaveNineWidgetLiveActivity.swift */,
			);
			path = Widgets;
			sourceTree = "<group>";
		};
		6558692B297615970015E20F /* Extensions */ = {
			isa = PBXGroup;
			children = (
				652BFD00295F367000179792 /* View+Extension.swift */,
			);
			path = Extensions;
			sourceTree = "<group>";
		};
		6560AC31291AC5470047E2C6 /* Sessions */ = {
			isa = PBXGroup;
			children = (
				6560AC34291AF6660047E2C6 /* SessionDetailView.swift */,
				65AFF19C299531EC009AB991 /* SessionLabelPickerView.swift */,
				6560AC36291AFD110047E2C6 /* SessionRowView.swift */,
				65C9A345299B3619001FABB1 /* SessionsTabView.swift */,
				652D025528D79DA300F818E7 /* SessionsView.swift */,
			);
			path = Sessions;
			sourceTree = "<group>";
		};
		658CF37028EBBE5D00DA1DA2 /* Projects */ = {
			isa = PBXGroup;
			children = (
				65D2316128CD6ED700A91A47 /* ProjectDetailView.swift */,
				65C827C7299C97FF00CAC4C0 /* ProjectFormView.swift */,
				65EF242928DF870A003749F3 /* ProjectNameView.swift */,
				659FDA6C28E28EC900899A2E /* ProjectRowView.swift */,
				65D2315D28CD5B3B00A91A47 /* ProjectsTabView.swift */,
			);
			path = Projects;
			sourceTree = "<group>";
		};
		659FDA6928E232A300899A2E /* Extensions */ = {
			isa = PBXGroup;
			children = (
				65F648AE28E0FB370086512D /* Checklist+CoreDataHelpers.swift */,
				65F648B028E0FBF90086512D /* Item+CoreDataHelpers.swift */,
				65FC92D729A04E27008871A5 /* FileManager+Documents.swift */,
				65D2315528CD590900A91A47 /* Project+CoreDataHelpers.swift */,
				6537EAD528E90D87004068CD /* Ptag+CoreDataHelpers.swift */,
				651CE22528FB13D100E1B248 /* Session+CoreDataHelpers.swift */,
			);
			path = Extensions;
			sourceTree = "<group>";
		};
		659FDA6A28E232AC00899A2E /* Helpers */ = {
			isa = PBXGroup;
			children = (
				65C827C5299C836300CAC4C0 /* FetchPredicate.swift */,
				65FC92D5299FFD4B008871A5 /* SortOption.swift */,
			);
			path = Helpers;
			sourceTree = "<group>";
		};
		659FDA6B28E232CA00899A2E /* Views */ = {
			isa = PBXGroup;
			children = (
				651CE22028FB0EC600E1B248 /* Checklists */,
				658CF37028EBBE5D00DA1DA2 /* Projects */,
				651CE22228FB10BF00E1B248 /* Reuseable */,
				6560AC31291AC5470047E2C6 /* Sessions */,
				653899CF29A3B303008E39B4 /* Settings */,
				651CE22428FB125C00E1B248 /* Tags */,
				651CE22128FB0EFA00E1B248 /* Tracker */,
			);
			path = Views;
			sourceTree = "<group>";
		};
		65A51C18294FBD1A00A3B960 /* Frameworks */ = {
			isa = PBXGroup;
			children = (
				65A51C19294FBD1A00A3B960 /* WidgetKit.framework */,
				65A51C1B294FBD1A00A3B960 /* SwiftUI.framework */,
			);
			name = Frameworks;
			sourceTree = "<group>";
		};
		65A51C1D294FBD1A00A3B960 /* SaveNineWidget */ = {
			isa = PBXGroup;
			children = (
				655869292976151C0015E20F /* Views */,
				6558692A297615470015E20F /* Widgets */,
				6558692B297615970015E20F /* Extensions */,
				65A51C1E294FBD1A00A3B960 /* SaveNineWidgetBundle.swift */,
				65A51C24294FBD1A00A3B960 /* SaveNineWidget.intentdefinition */,
				65A51C25294FBD1A00A3B960 /* Assets.xcassets */,
				65A51C27294FBD1A00A3B960 /* Info.plist */,
			);
			path = SaveNineWidget;
			sourceTree = "<group>";
		};
		65D2313828CD552E00A91A47 = {
			isa = PBXGroup;
			children = (
				65F4A70D2963AFFB00CABB3C /* SaveNineWidgetExtension.entitlements */,
				65D2314328CD552E00A91A47 /* SaveNine */,
				65A51C1D294FBD1A00A3B960 /* SaveNineWidget */,
				65A51C18294FBD1A00A3B960 /* Frameworks */,
				65D2314228CD552E00A91A47 /* Products */,
			);
			sourceTree = "<group>";
		};
		65D2314228CD552E00A91A47 /* Products */ = {
			isa = PBXGroup;
			children = (
				65D2314128CD552E00A91A47 /* SaveNine.app */,
				65A51C17294FBD1A00A3B960 /* SaveNineWidgetExtension.appex */,
			);
			name = Products;
			sourceTree = "<group>";
		};
		65D2314328CD552E00A91A47 /* SaveNine */ = {
			isa = PBXGroup;
			children = (
				65F9F3A329A2E9D800D51D7B /* Controllers */,
				659FDA6928E232A300899A2E /* Extensions */,
				659FDA6A28E232AC00899A2E /* Helpers */,
				65F4A71729646B8900CABB3C /* Shared */,
				659FDA6B28E232CA00899A2E /* Views */,
				65D2314828CD552F00A91A47 /* Assets.xcassets */,
				657081DD28D8E460006C568D /* Info.plist */,
				651CE21A28F85FF100E1B248 /* Localizable.strings */,
				65D2315228CD553F00A91A47 /* Main.xcdatamodeld */,
				657081DC28D8E44A006C568D /* SaveNine.entitlements */,
				65D2314628CD552E00A91A47 /* ContentView.swift */,
				65D2314428CD552E00A91A47 /* SaveNineApp.swift */,
				65D2314A28CD552F00A91A47 /* Preview Content */,
			);
			path = SaveNine;
			sourceTree = "<group>";
		};
		65D2314A28CD552F00A91A47 /* Preview Content */ = {
			isa = PBXGroup;
			children = (
				65D2314B28CD552F00A91A47 /* Preview Assets.xcassets */,
			);
			path = "Preview Content";
			sourceTree = "<group>";
		};
		65DD6DC6299D294C00FA1E48 /* Extensions */ = {
			isa = PBXGroup;
			children = (
				65F4A7312966826E00CABB3C /* Date+Extension.swift */,
				65F4A736296684FC00CABB3C /* Double+Extension.swift */,
				65EC34FC2999DE4800AB396A /* FileManager+AppGroup.swift */,
				65EC34F92999DA3A00AB396A /* FileManager+Images.swift */,
				65F4A7252965BB4B00CABB3C /* FileManager+Widgets.swift */,
				65F4A72B2965BD0300CABB3C /* UserDefaults+Extension.swift */,
			);
			path = Extensions;
			sourceTree = "<group>";
		};
		65F4A71729646B8900CABB3C /* Shared */ = {
			isa = PBXGroup;
			children = (
				65DD6DC6299D294C00FA1E48 /* Extensions */,
				65DD6DC7299D299B00FA1E48 /* FileExtension.swift */,
				65F4A7222965B0C900CABB3C /* Helpers.swift */,
				65F4A7182964761C00CABB3C /* ProjectWidget.swift */,
				65F4A72E2965E5B900CABB3C /* S9WidgetKind.swift */,
				65A51C31294FC7C400A3B960 /* TrackerAttributes.swift */,
			);
			path = Shared;
			sourceTree = "<group>";
		};
		65F9F3A329A2E9D800D51D7B /* Controllers */ = {
			isa = PBXGroup;
			children = (
				65D2315B28CD5A1B00A91A47 /* DataController.swift */,
				6572FFB729981A96006493DB /* SessionLabelController.swift */,
				65FC92D929A11C92008871A5 /* SortController.swift */,
				65F9F3A429A2EC0600D51D7B /* TabController.swift */,
			);
			path = Controllers;
			sourceTree = "<group>";
		};
/* End PBXGroup section */

/* Begin PBXNativeTarget section */
		65A51C16294FBD1A00A3B960 /* SaveNineWidgetExtension */ = {
			isa = PBXNativeTarget;
			buildConfigurationList = 65A51C30294FBD1A00A3B960 /* Build configuration list for PBXNativeTarget "SaveNineWidgetExtension" */;
			buildPhases = (
				65A51C13294FBD1A00A3B960 /* Sources */,
				65A51C14294FBD1A00A3B960 /* Frameworks */,
				65A51C15294FBD1A00A3B960 /* Resources */,
			);
			buildRules = (
			);
			dependencies = (
			);
			name = SaveNineWidgetExtension;
			productName = SaveNineWidgetExtension;
			productReference = 65A51C17294FBD1A00A3B960 /* SaveNineWidgetExtension.appex */;
			productType = "com.apple.product-type.app-extension";
		};
		65D2314028CD552E00A91A47 /* SaveNine */ = {
			isa = PBXNativeTarget;
			buildConfigurationList = 65D2314F28CD552F00A91A47 /* Build configuration list for PBXNativeTarget "SaveNine" */;
			buildPhases = (
				65D2313D28CD552E00A91A47 /* Sources */,
				65D2313E28CD552E00A91A47 /* Frameworks */,
				65D2313F28CD552E00A91A47 /* Resources */,
				65A51C2D294FBD1A00A3B960 /* Embed Foundation Extensions */,
			);
			buildRules = (
			);
			dependencies = (
				65A51C2B294FBD1A00A3B960 /* PBXTargetDependency */,
			);
			name = SaveNine;
			productName = SaveNine;
			productReference = 65D2314128CD552E00A91A47 /* SaveNine.app */;
			productType = "com.apple.product-type.application";
		};
/* End PBXNativeTarget section */

/* Begin PBXProject section */
		65D2313928CD552E00A91A47 /* Project object */ = {
			isa = PBXProject;
			attributes = {
				BuildIndependentTargetsInParallel = 1;
				LastSwiftUpdateCheck = 1410;
				LastUpgradeCheck = 1400;
				TargetAttributes = {
					65A51C16294FBD1A00A3B960 = {
						CreatedOnToolsVersion = 14.1;
					};
					65D2314028CD552E00A91A47 = {
						CreatedOnToolsVersion = 14.0;
					};
				};
			};
			buildConfigurationList = 65D2313C28CD552E00A91A47 /* Build configuration list for PBXProject "SaveNine" */;
			compatibilityVersion = "Xcode 14.0";
			developmentRegion = en;
			hasScannedForEncodings = 0;
			knownRegions = (
				en,
				Base,
			);
			mainGroup = 65D2313828CD552E00A91A47;
			productRefGroup = 65D2314228CD552E00A91A47 /* Products */;
			projectDirPath = "";
			projectRoot = "";
			targets = (
				65D2314028CD552E00A91A47 /* SaveNine */,
				65A51C16294FBD1A00A3B960 /* SaveNineWidgetExtension */,
			);
		};
/* End PBXProject section */

/* Begin PBXResourcesBuildPhase section */
		65A51C15294FBD1A00A3B960 /* Resources */ = {
			isa = PBXResourcesBuildPhase;
			buildActionMask = 2147483647;
			files = (
				65A51C26294FBD1A00A3B960 /* Assets.xcassets in Resources */,
			);
			runOnlyForDeploymentPostprocessing = 0;
		};
		65D2313F28CD552E00A91A47 /* Resources */ = {
			isa = PBXResourcesBuildPhase;
			buildActionMask = 2147483647;
			files = (
				65D2314C28CD552F00A91A47 /* Preview Assets.xcassets in Resources */,
				651CE21B28F85FF100E1B248 /* Localizable.strings in Resources */,
				65D2314928CD552F00A91A47 /* Assets.xcassets in Resources */,
			);
			runOnlyForDeploymentPostprocessing = 0;
		};
/* End PBXResourcesBuildPhase section */

/* Begin PBXSourcesBuildPhase section */
		65A51C13294FBD1A00A3B960 /* Sources */ = {
			isa = PBXSourcesBuildPhase;
			buildActionMask = 2147483647;
			files = (
				65F4A7272965BB4B00CABB3C /* FileManager+Widgets.swift in Sources */,
				65A51C21294FBD1A00A3B960 /* SaveNineWidgetLiveActivity.swift in Sources */,
				65F4A73929668C2700CABB3C /* Double+Extension.swift in Sources */,
				65F4A7322966826E00CABB3C /* Date+Extension.swift in Sources */,
				65A51C28294FBD1A00A3B960 /* SaveNineWidget.intentdefinition in Sources */,
				65F4A7302965E5B900CABB3C /* S9WidgetKind.swift in Sources */,
				65F4A72D2965BD0300CABB3C /* UserDefaults+Extension.swift in Sources */,
				65A51C23294FBD1A00A3B960 /* LastTrackedWidget.swift in Sources */,
				653B2DDD2976502400EAD9CD /* LastTrackedView.swift in Sources */,
				65DD6DC9299D299B00FA1E48 /* FileExtension.swift in Sources */,
				65F4A7242965B0C900CABB3C /* Helpers.swift in Sources */,
				65EC34FE2999DE4800AB396A /* FileManager+AppGroup.swift in Sources */,
				652BFD01295F367000179792 /* View+Extension.swift in Sources */,
				65A51C3B2950A1B200A3B960 /* TimerLiveActivityView.swift in Sources */,
				65A51C33294FC7F400A3B960 /* TrackerAttributes.swift in Sources */,
				65F4A71A2964771100CABB3C /* ProjectWidget.swift in Sources */,
				65A51C1F294FBD1A00A3B960 /* SaveNineWidgetBundle.swift in Sources */,
				65EC34FB2999DA3A00AB396A /* FileManager+Images.swift in Sources */,
			);
			runOnlyForDeploymentPostprocessing = 0;
		};
		65D2313D28CD552E00A91A47 /* Sources */ = {
			isa = PBXSourcesBuildPhase;
			buildActionMask = 2147483647;
			files = (
				65F648B728E100EF0086512D /* ItemDetailView.swift in Sources */,
				6560AC30291AA2AB0047E2C6 /* FetchRequestView.swift in Sources */,
				652D025828D79F9000F818E7 /* TimerView.swift in Sources */,
				65EF242A28DF870A003749F3 /* ProjectNameView.swift in Sources */,
				653899D329A3B658008E39B4 /* AboutView.swift in Sources */,
				65FC92D829A04E27008871A5 /* FileManager+Documents.swift in Sources */,
				653899D529A3B690008E39B4 /* LabelsView.swift in Sources */,
				659FDA6D28E28EC900899A2E /* ProjectRowView.swift in Sources */,
				65F4A737296684FC00CABB3C /* Double+Extension.swift in Sources */,
				6537EAD628E90D87004068CD /* Ptag+CoreDataHelpers.swift in Sources */,
				65D2315C28CD5A1B00A91A47 /* DataController.swift in Sources */,
				65D2315428CD553F00A91A47 /* Main.xcdatamodeld in Sources */,
				65F648B328E0FE180086512D /* ChecklistRowView.swift in Sources */,
				65A51C29294FBD1A00A3B960 /* SaveNineWidget.intentdefinition in Sources */,
				65F648B928E10B080086512D /* ChecklistView.swift in Sources */,
				65F648B528E0FEEA0086512D /* ChecklistHeaderView.swift in Sources */,
				658CF37228EBBEBF00DA1DA2 /* TagDrawerView.swift in Sources */,
				65F4A72C2965BD0300CABB3C /* UserDefaults+Extension.swift in Sources */,
				65D2316228CD6ED700A91A47 /* ProjectDetailView.swift in Sources */,
				65F4A72F2965E5B900CABB3C /* S9WidgetKind.swift in Sources */,
				6560598F296A04740075C353 /* Date+Extension.swift in Sources */,
				65D2315E28CD5B3B00A91A47 /* ProjectsTabView.swift in Sources */,
				65D2314728CD552E00A91A47 /* ContentView.swift in Sources */,
				65C9A346299B3619001FABB1 /* SessionsTabView.swift in Sources */,
				65FC92DA29A11C92008871A5 /* SortController.swift in Sources */,
				65F648AF28E0FB370086512D /* Checklist+CoreDataHelpers.swift in Sources */,
				65A51C32294FC7C400A3B960 /* TrackerAttributes.swift in Sources */,
				6560AC35291AF6660047E2C6 /* SessionDetailView.swift in Sources */,
				65D2315628CD590900A91A47 /* Project+CoreDataHelpers.swift in Sources */,
				652D025628D79DA300F818E7 /* SessionsView.swift in Sources */,
				65C827C8299C97FF00CAC4C0 /* ProjectFormView.swift in Sources */,
				6560AC37291AFD110047E2C6 /* SessionRowView.swift in Sources */,
				65F648B128E0FBF90086512D /* Item+CoreDataHelpers.swift in Sources */,
				65DD6DC8299D299B00FA1E48 /* FileExtension.swift in Sources */,
				65AFF19D299531EC009AB991 /* SessionLabelPickerView.swift in Sources */,
				65EC34FA2999DA3A00AB396A /* FileManager+Images.swift in Sources */,
				65C827C6299C836300CAC4C0 /* FetchPredicate.swift in Sources */,
				65F9F3A529A2EC0600D51D7B /* TabController.swift in Sources */,
				65464D2128F26B74008E1EE6 /* UpdateNameView.swift in Sources */,
				6544E57D28F067E9009CB296 /* TagView.swift in Sources */,
				651CE21F28FB0A0500E1B248 /* NoContentView.swift in Sources */,
				65F9F3A729A2FF6200D51D7B /* SettingsView.swift in Sources */,
				65F4A7262965BB4B00CABB3C /* FileManager+Widgets.swift in Sources */,
				652AE95028D6550E0001294F /* TrackerView.swift in Sources */,
				6572FFB829981A96006493DB /* SessionLabelController.swift in Sources */,
				65F4A7232965B0C900CABB3C /* Helpers.swift in Sources */,
				65FC92D6299FFD4B008871A5 /* SortOption.swift in Sources */,
				65EC34FD2999DE4800AB396A /* FileManager+AppGroup.swift in Sources */,
				65F4A7192964761C00CABB3C /* ProjectWidget.swift in Sources */,
				651CE22628FB13D100E1B248 /* Session+CoreDataHelpers.swift in Sources */,
				65D2314528CD552E00A91A47 /* SaveNineApp.swift in Sources */,
				65DD023B28D121AD00567676 /* PhotoPickerView.swift in Sources */,
				65FC92D4299F2A9D008871A5 /* SortOptionsView.swift in Sources */,
				653899D729A3BE3B008E39B4 /* AppIconView.swift in Sources */,
			);
			runOnlyForDeploymentPostprocessing = 0;
		};
/* End PBXSourcesBuildPhase section */

/* Begin PBXTargetDependency section */
		65A51C2B294FBD1A00A3B960 /* PBXTargetDependency */ = {
			isa = PBXTargetDependency;
			target = 65A51C16294FBD1A00A3B960 /* SaveNineWidgetExtension */;
			targetProxy = 65A51C2A294FBD1A00A3B960 /* PBXContainerItemProxy */;
		};
/* End PBXTargetDependency section */

/* Begin XCBuildConfiguration section */
		65A51C2E294FBD1A00A3B960 /* Debug */ = {
			isa = XCBuildConfiguration;
			buildSettings = {
				ASSETCATALOG_COMPILER_GLOBAL_ACCENT_COLOR_NAME = AccentColor;
				ASSETCATALOG_COMPILER_WIDGET_BACKGROUND_COLOR_NAME = WidgetBackground;
				CODE_SIGN_ENTITLEMENTS = SaveNineWidgetExtension.entitlements;
				CODE_SIGN_STYLE = Automatic;
				CURRENT_PROJECT_VERSION = 1;
				DEVELOPMENT_TEAM = 7YY7893TQJ;
				GENERATE_INFOPLIST_FILE = YES;
				INFOPLIST_FILE = SaveNineWidget/Info.plist;
				INFOPLIST_KEY_CFBundleDisplayName = SaveNineWidget;
				INFOPLIST_KEY_NSHumanReadableCopyright = "";
				IPHONEOS_DEPLOYMENT_TARGET = 16.1;
				LD_RUNPATH_SEARCH_PATHS = (
					"$(inherited)",
					"@executable_path/Frameworks",
					"@executable_path/../../Frameworks",
				);
				MARKETING_VERSION = 1.0;
				PRODUCT_BUNDLE_IDENTIFIER = com.pawpawpixel.SaveNine.SaveNineWidget;
				PRODUCT_NAME = "$(TARGET_NAME)";
				SKIP_INSTALL = YES;
				SWIFT_EMIT_LOC_STRINGS = YES;
				SWIFT_VERSION = 5.0;
				TARGETED_DEVICE_FAMILY = "1,2";
			};
			name = Debug;
		};
		65A51C2F294FBD1A00A3B960 /* Release */ = {
			isa = XCBuildConfiguration;
			buildSettings = {
				ASSETCATALOG_COMPILER_GLOBAL_ACCENT_COLOR_NAME = AccentColor;
				ASSETCATALOG_COMPILER_WIDGET_BACKGROUND_COLOR_NAME = WidgetBackground;
				CODE_SIGN_ENTITLEMENTS = SaveNineWidgetExtension.entitlements;
				CODE_SIGN_STYLE = Automatic;
				CURRENT_PROJECT_VERSION = 1;
				DEVELOPMENT_TEAM = 7YY7893TQJ;
				GENERATE_INFOPLIST_FILE = YES;
				INFOPLIST_FILE = SaveNineWidget/Info.plist;
				INFOPLIST_KEY_CFBundleDisplayName = SaveNineWidget;
				INFOPLIST_KEY_NSHumanReadableCopyright = "";
				IPHONEOS_DEPLOYMENT_TARGET = 16.1;
				LD_RUNPATH_SEARCH_PATHS = (
					"$(inherited)",
					"@executable_path/Frameworks",
					"@executable_path/../../Frameworks",
				);
				MARKETING_VERSION = 1.0;
				PRODUCT_BUNDLE_IDENTIFIER = com.pawpawpixel.SaveNine.SaveNineWidget;
				PRODUCT_NAME = "$(TARGET_NAME)";
				SKIP_INSTALL = YES;
				SWIFT_EMIT_LOC_STRINGS = YES;
				SWIFT_VERSION = 5.0;
				TARGETED_DEVICE_FAMILY = "1,2";
			};
			name = Release;
		};
		65D2314D28CD552F00A91A47 /* Debug */ = {
			isa = XCBuildConfiguration;
			buildSettings = {
				ALWAYS_SEARCH_USER_PATHS = NO;
				CLANG_ANALYZER_NONNULL = YES;
				CLANG_ANALYZER_NUMBER_OBJECT_CONVERSION = YES_AGGRESSIVE;
				CLANG_CXX_LANGUAGE_STANDARD = "gnu++20";
				CLANG_ENABLE_MODULES = YES;
				CLANG_ENABLE_OBJC_ARC = YES;
				CLANG_ENABLE_OBJC_WEAK = YES;
				CLANG_WARN_BLOCK_CAPTURE_AUTORELEASING = YES;
				CLANG_WARN_BOOL_CONVERSION = YES;
				CLANG_WARN_COMMA = YES;
				CLANG_WARN_CONSTANT_CONVERSION = YES;
				CLANG_WARN_DEPRECATED_OBJC_IMPLEMENTATIONS = YES;
				CLANG_WARN_DIRECT_OBJC_ISA_USAGE = YES_ERROR;
				CLANG_WARN_DOCUMENTATION_COMMENTS = YES;
				CLANG_WARN_EMPTY_BODY = YES;
				CLANG_WARN_ENUM_CONVERSION = YES;
				CLANG_WARN_INFINITE_RECURSION = YES;
				CLANG_WARN_INT_CONVERSION = YES;
				CLANG_WARN_NON_LITERAL_NULL_CONVERSION = YES;
				CLANG_WARN_OBJC_IMPLICIT_RETAIN_SELF = YES;
				CLANG_WARN_OBJC_LITERAL_CONVERSION = YES;
				CLANG_WARN_OBJC_ROOT_CLASS = YES_ERROR;
				CLANG_WARN_QUOTED_INCLUDE_IN_FRAMEWORK_HEADER = YES;
				CLANG_WARN_RANGE_LOOP_ANALYSIS = YES;
				CLANG_WARN_STRICT_PROTOTYPES = YES;
				CLANG_WARN_SUSPICIOUS_MOVE = YES;
				CLANG_WARN_UNGUARDED_AVAILABILITY = YES_AGGRESSIVE;
				CLANG_WARN_UNREACHABLE_CODE = YES;
				CLANG_WARN__DUPLICATE_METHOD_MATCH = YES;
				COPY_PHASE_STRIP = NO;
				DEBUG_INFORMATION_FORMAT = dwarf;
				ENABLE_STRICT_OBJC_MSGSEND = YES;
				ENABLE_TESTABILITY = YES;
				GCC_C_LANGUAGE_STANDARD = gnu11;
				GCC_DYNAMIC_NO_PIC = NO;
				GCC_NO_COMMON_BLOCKS = YES;
				GCC_OPTIMIZATION_LEVEL = 0;
				GCC_PREPROCESSOR_DEFINITIONS = (
					"DEBUG=1",
					"$(inherited)",
				);
				GCC_WARN_64_TO_32_BIT_CONVERSION = YES;
				GCC_WARN_ABOUT_RETURN_TYPE = YES_ERROR;
				GCC_WARN_UNDECLARED_SELECTOR = YES;
				GCC_WARN_UNINITIALIZED_AUTOS = YES_AGGRESSIVE;
				GCC_WARN_UNUSED_FUNCTION = YES;
				GCC_WARN_UNUSED_VARIABLE = YES;
				IPHONEOS_DEPLOYMENT_TARGET = 16.1;
				MTL_ENABLE_DEBUG_INFO = INCLUDE_SOURCE;
				MTL_FAST_MATH = YES;
				ONLY_ACTIVE_ARCH = YES;
				SDKROOT = iphoneos;
				SWIFT_ACTIVE_COMPILATION_CONDITIONS = DEBUG;
				SWIFT_OPTIMIZATION_LEVEL = "-Onone";
			};
			name = Debug;
		};
		65D2314E28CD552F00A91A47 /* Release */ = {
			isa = XCBuildConfiguration;
			buildSettings = {
				ALWAYS_SEARCH_USER_PATHS = NO;
				CLANG_ANALYZER_NONNULL = YES;
				CLANG_ANALYZER_NUMBER_OBJECT_CONVERSION = YES_AGGRESSIVE;
				CLANG_CXX_LANGUAGE_STANDARD = "gnu++20";
				CLANG_ENABLE_MODULES = YES;
				CLANG_ENABLE_OBJC_ARC = YES;
				CLANG_ENABLE_OBJC_WEAK = YES;
				CLANG_WARN_BLOCK_CAPTURE_AUTORELEASING = YES;
				CLANG_WARN_BOOL_CONVERSION = YES;
				CLANG_WARN_COMMA = YES;
				CLANG_WARN_CONSTANT_CONVERSION = YES;
				CLANG_WARN_DEPRECATED_OBJC_IMPLEMENTATIONS = YES;
				CLANG_WARN_DIRECT_OBJC_ISA_USAGE = YES_ERROR;
				CLANG_WARN_DOCUMENTATION_COMMENTS = YES;
				CLANG_WARN_EMPTY_BODY = YES;
				CLANG_WARN_ENUM_CONVERSION = YES;
				CLANG_WARN_INFINITE_RECURSION = YES;
				CLANG_WARN_INT_CONVERSION = YES;
				CLANG_WARN_NON_LITERAL_NULL_CONVERSION = YES;
				CLANG_WARN_OBJC_IMPLICIT_RETAIN_SELF = YES;
				CLANG_WARN_OBJC_LITERAL_CONVERSION = YES;
				CLANG_WARN_OBJC_ROOT_CLASS = YES_ERROR;
				CLANG_WARN_QUOTED_INCLUDE_IN_FRAMEWORK_HEADER = YES;
				CLANG_WARN_RANGE_LOOP_ANALYSIS = YES;
				CLANG_WARN_STRICT_PROTOTYPES = YES;
				CLANG_WARN_SUSPICIOUS_MOVE = YES;
				CLANG_WARN_UNGUARDED_AVAILABILITY = YES_AGGRESSIVE;
				CLANG_WARN_UNREACHABLE_CODE = YES;
				CLANG_WARN__DUPLICATE_METHOD_MATCH = YES;
				COPY_PHASE_STRIP = NO;
				DEBUG_INFORMATION_FORMAT = "dwarf-with-dsym";
				ENABLE_NS_ASSERTIONS = NO;
				ENABLE_STRICT_OBJC_MSGSEND = YES;
				GCC_C_LANGUAGE_STANDARD = gnu11;
				GCC_NO_COMMON_BLOCKS = YES;
				GCC_WARN_64_TO_32_BIT_CONVERSION = YES;
				GCC_WARN_ABOUT_RETURN_TYPE = YES_ERROR;
				GCC_WARN_UNDECLARED_SELECTOR = YES;
				GCC_WARN_UNINITIALIZED_AUTOS = YES_AGGRESSIVE;
				GCC_WARN_UNUSED_FUNCTION = YES;
				GCC_WARN_UNUSED_VARIABLE = YES;
				IPHONEOS_DEPLOYMENT_TARGET = 16.1;
				MTL_ENABLE_DEBUG_INFO = NO;
				MTL_FAST_MATH = YES;
				SDKROOT = iphoneos;
				SWIFT_COMPILATION_MODE = wholemodule;
				SWIFT_OPTIMIZATION_LEVEL = "-O";
				VALIDATE_PRODUCT = YES;
			};
			name = Release;
		};
		65D2315028CD552F00A91A47 /* Debug */ = {
			isa = XCBuildConfiguration;
			buildSettings = {
				ALWAYS_EMBED_SWIFT_STANDARD_LIBRARIES = YES;
				ASSETCATALOG_COMPILER_ALTERNATE_APPICON_NAMES = "AppIcon-2";
				ASSETCATALOG_COMPILER_APPICON_NAME = AppIcon;
				ASSETCATALOG_COMPILER_GLOBAL_ACCENT_COLOR_NAME = AccentColor;
				ASSETCATALOG_COMPILER_INCLUDE_ALL_APPICON_ASSETS = YES;
				CODE_SIGN_ENTITLEMENTS = SaveNine/SaveNine.entitlements;
				CODE_SIGN_STYLE = Automatic;
				CURRENT_PROJECT_VERSION = 1;
				DEVELOPMENT_ASSET_PATHS = "\"SaveNine/Preview Content\"";
				DEVELOPMENT_TEAM = 7YY7893TQJ;
				ENABLE_PREVIEWS = YES;
				GENERATE_INFOPLIST_FILE = YES;
				INFOPLIST_FILE = SaveNine/Info.plist;
				INFOPLIST_KEY_CFBundleDisplayName = "Save Nine";
				INFOPLIST_KEY_LSApplicationCategoryType = "public.app-category.productivity";
				INFOPLIST_KEY_NSSupportsLiveActivities = YES;
				INFOPLIST_KEY_UIApplicationSceneManifest_Generation = YES;
				INFOPLIST_KEY_UIApplicationSupportsIndirectInputEvents = YES;
				INFOPLIST_KEY_UILaunchScreen_Generation = YES;
				INFOPLIST_KEY_UISupportedInterfaceOrientations = UIInterfaceOrientationPortrait;
				INFOPLIST_KEY_UISupportedInterfaceOrientations_iPad = "UIInterfaceOrientationLandscapeLeft UIInterfaceOrientationLandscapeRight UIInterfaceOrientationPortrait UIInterfaceOrientationPortraitUpsideDown";
				LD_RUNPATH_SEARCH_PATHS = (
					"$(inherited)",
					"@executable_path/Frameworks",
				);
				MARKETING_VERSION = 1.0;
				PRODUCT_BUNDLE_IDENTIFIER = com.pawpawpixel.SaveNine;
				PRODUCT_NAME = "$(TARGET_NAME)";
				SUPPORTED_PLATFORMS = "iphoneos iphonesimulator";
				SUPPORTS_MACCATALYST = NO;
				SUPPORTS_MAC_DESIGNED_FOR_IPHONE_IPAD = NO;
				SWIFT_EMIT_LOC_STRINGS = YES;
				SWIFT_VERSION = 5.0;
				TARGETED_DEVICE_FAMILY = 1;
			};
			name = Debug;
		};
		65D2315128CD552F00A91A47 /* Release */ = {
			isa = XCBuildConfiguration;
			buildSettings = {
				ALWAYS_EMBED_SWIFT_STANDARD_LIBRARIES = YES;
				ASSETCATALOG_COMPILER_ALTERNATE_APPICON_NAMES = "AppIcon-2";
				ASSETCATALOG_COMPILER_APPICON_NAME = AppIcon;
				ASSETCATALOG_COMPILER_GLOBAL_ACCENT_COLOR_NAME = AccentColor;
				ASSETCATALOG_COMPILER_INCLUDE_ALL_APPICON_ASSETS = YES;
				CODE_SIGN_ENTITLEMENTS = SaveNine/SaveNine.entitlements;
				CODE_SIGN_STYLE = Automatic;
				CURRENT_PROJECT_VERSION = 1;
				DEVELOPMENT_ASSET_PATHS = "\"SaveNine/Preview Content\"";
				DEVELOPMENT_TEAM = 7YY7893TQJ;
				ENABLE_PREVIEWS = YES;
				GENERATE_INFOPLIST_FILE = YES;
				INFOPLIST_FILE = SaveNine/Info.plist;
				INFOPLIST_KEY_CFBundleDisplayName = "Save Nine";
				INFOPLIST_KEY_LSApplicationCategoryType = "public.app-category.productivity";
				INFOPLIST_KEY_NSSupportsLiveActivities = YES;
				INFOPLIST_KEY_UIApplicationSceneManifest_Generation = YES;
				INFOPLIST_KEY_UIApplicationSupportsIndirectInputEvents = YES;
				INFOPLIST_KEY_UILaunchScreen_Generation = YES;
				INFOPLIST_KEY_UISupportedInterfaceOrientations = UIInterfaceOrientationPortrait;
				INFOPLIST_KEY_UISupportedInterfaceOrientations_iPad = "UIInterfaceOrientationLandscapeLeft UIInterfaceOrientationLandscapeRight UIInterfaceOrientationPortrait UIInterfaceOrientationPortraitUpsideDown";
				LD_RUNPATH_SEARCH_PATHS = (
					"$(inherited)",
					"@executable_path/Frameworks",
				);
				MARKETING_VERSION = 1.0;
				PRODUCT_BUNDLE_IDENTIFIER = com.pawpawpixel.SaveNine;
				PRODUCT_NAME = "$(TARGET_NAME)";
				SUPPORTED_PLATFORMS = "iphoneos iphonesimulator";
				SUPPORTS_MACCATALYST = NO;
				SUPPORTS_MAC_DESIGNED_FOR_IPHONE_IPAD = NO;
				SWIFT_EMIT_LOC_STRINGS = YES;
				SWIFT_VERSION = 5.0;
				TARGETED_DEVICE_FAMILY = 1;
			};
			name = Release;
		};
/* End XCBuildConfiguration section */

/* Begin XCConfigurationList section */
		65A51C30294FBD1A00A3B960 /* Build configuration list for PBXNativeTarget "SaveNineWidgetExtension" */ = {
			isa = XCConfigurationList;
			buildConfigurations = (
				65A51C2E294FBD1A00A3B960 /* Debug */,
				65A51C2F294FBD1A00A3B960 /* Release */,
			);
			defaultConfigurationIsVisible = 0;
			defaultConfigurationName = Release;
		};
		65D2313C28CD552E00A91A47 /* Build configuration list for PBXProject "SaveNine" */ = {
			isa = XCConfigurationList;
			buildConfigurations = (
				65D2314D28CD552F00A91A47 /* Debug */,
				65D2314E28CD552F00A91A47 /* Release */,
			);
			defaultConfigurationIsVisible = 0;
			defaultConfigurationName = Release;
		};
		65D2314F28CD552F00A91A47 /* Build configuration list for PBXNativeTarget "SaveNine" */ = {
			isa = XCConfigurationList;
			buildConfigurations = (
				65D2315028CD552F00A91A47 /* Debug */,
				65D2315128CD552F00A91A47 /* Release */,
			);
			defaultConfigurationIsVisible = 0;
			defaultConfigurationName = Release;
		};
/* End XCConfigurationList section */

/* Begin XCVersionGroup section */
		65D2315228CD553F00A91A47 /* Main.xcdatamodeld */ = {
			isa = XCVersionGroup;
			children = (
				65D2315328CD553F00A91A47 /* Main.xcdatamodel */,
			);
			currentVersion = 65D2315328CD553F00A91A47 /* Main.xcdatamodel */;
			path = Main.xcdatamodeld;
			sourceTree = "<group>";
			versionGroupType = wrapper.xcdatamodel;
		};
/* End XCVersionGroup section */
	};
	rootObject = 65D2313928CD552E00A91A47 /* Project object */;
}
