// !$*UTF8*$!
{
	archiveVersion = 1;
	classes = {
	};
	objectVersion = 56;
	objects = {

/* Begin PBXBuildFile section */
		652AE95028D6550E0001294F /* TrackerView.swift in Sources */ = {isa = PBXBuildFile; fileRef = 652AE94F28D6550E0001294F /* TrackerView.swift */; };
		652D025228D7476000F818E7 /* DigitView.swift in Sources */ = {isa = PBXBuildFile; fileRef = 652D025128D7476000F818E7 /* DigitView.swift */; };
		652D025628D79DA300F818E7 /* SessionsView.swift in Sources */ = {isa = PBXBuildFile; fileRef = 652D025528D79DA300F818E7 /* SessionsView.swift */; };
		652D025828D79F9000F818E7 /* TimerView.swift in Sources */ = {isa = PBXBuildFile; fileRef = 652D025728D79F9000F818E7 /* TimerView.swift */; };
		652D025A28D7D3FB00F818E7 /* TimeHelpers.swift in Sources */ = {isa = PBXBuildFile; fileRef = 652D025928D7D3FB00F818E7 /* TimeHelpers.swift */; };
		652E7A9B28CE4C420054D6AB /* ItemDetailView.swift in Sources */ = {isa = PBXBuildFile; fileRef = 652E7A9A28CE4C420054D6AB /* ItemDetailView.swift */; };
		6589D3CC28CE1B2E00182F2B /* ItemListHeaderView.swift in Sources */ = {isa = PBXBuildFile; fileRef = 6589D3CB28CE1B2E00182F2B /* ItemListHeaderView.swift */; };
		6589D3CE28CE1D8A00182F2B /* ItemListRowView.swift in Sources */ = {isa = PBXBuildFile; fileRef = 6589D3CD28CE1D8A00182F2B /* ItemListRowView.swift */; };
		65D2314528CD552E00A91A47 /* SaveNineApp.swift in Sources */ = {isa = PBXBuildFile; fileRef = 65D2314428CD552E00A91A47 /* SaveNineApp.swift */; };
		65D2314728CD552E00A91A47 /* ContentView.swift in Sources */ = {isa = PBXBuildFile; fileRef = 65D2314628CD552E00A91A47 /* ContentView.swift */; };
		65D2314928CD552F00A91A47 /* Assets.xcassets in Resources */ = {isa = PBXBuildFile; fileRef = 65D2314828CD552F00A91A47 /* Assets.xcassets */; };
		65D2314C28CD552F00A91A47 /* Preview Assets.xcassets in Resources */ = {isa = PBXBuildFile; fileRef = 65D2314B28CD552F00A91A47 /* Preview Assets.xcassets */; };
		65D2315428CD553F00A91A47 /* Main.xcdatamodeld in Sources */ = {isa = PBXBuildFile; fileRef = 65D2315228CD553F00A91A47 /* Main.xcdatamodeld */; };
		65D2315628CD590900A91A47 /* Project-CoreDataHelpers.swift in Sources */ = {isa = PBXBuildFile; fileRef = 65D2315528CD590900A91A47 /* Project-CoreDataHelpers.swift */; };
		65D2315828CD598A00A91A47 /* ItemList-CoreDataHelpers.swift in Sources */ = {isa = PBXBuildFile; fileRef = 65D2315728CD598A00A91A47 /* ItemList-CoreDataHelpers.swift */; };
		65D2315A28CD59F200A91A47 /* Item-CoreDataHelpers.swift in Sources */ = {isa = PBXBuildFile; fileRef = 65D2315928CD59F200A91A47 /* Item-CoreDataHelpers.swift */; };
		65D2315C28CD5A1B00A91A47 /* DataController.swift in Sources */ = {isa = PBXBuildFile; fileRef = 65D2315B28CD5A1B00A91A47 /* DataController.swift */; };
		65D2315E28CD5B3B00A91A47 /* ProjectsView.swift in Sources */ = {isa = PBXBuildFile; fileRef = 65D2315D28CD5B3B00A91A47 /* ProjectsView.swift */; };
		65D2316228CD6ED700A91A47 /* ProjectDetailView.swift in Sources */ = {isa = PBXBuildFile; fileRef = 65D2316128CD6ED700A91A47 /* ProjectDetailView.swift */; };
		65DD023B28D121AD00567676 /* PhotoPickerView.swift in Sources */ = {isa = PBXBuildFile; fileRef = 65DD023A28D121AD00567676 /* PhotoPickerView.swift */; };
		65DD023F28D1318800567676 /* DocumentHelpers.swift in Sources */ = {isa = PBXBuildFile; fileRef = 65DD023E28D1318800567676 /* DocumentHelpers.swift */; };
/* End PBXBuildFile section */

/* Begin PBXFileReference section */
		652AE94F28D6550E0001294F /* TrackerView.swift */ = {isa = PBXFileReference; lastKnownFileType = sourcecode.swift; path = TrackerView.swift; sourceTree = "<group>"; };
		652D025128D7476000F818E7 /* DigitView.swift */ = {isa = PBXFileReference; lastKnownFileType = sourcecode.swift; path = DigitView.swift; sourceTree = "<group>"; };
		652D025528D79DA300F818E7 /* SessionsView.swift */ = {isa = PBXFileReference; lastKnownFileType = sourcecode.swift; path = SessionsView.swift; sourceTree = "<group>"; };
		652D025728D79F9000F818E7 /* TimerView.swift */ = {isa = PBXFileReference; lastKnownFileType = sourcecode.swift; path = TimerView.swift; sourceTree = "<group>"; };
		652D025928D7D3FB00F818E7 /* TimeHelpers.swift */ = {isa = PBXFileReference; lastKnownFileType = sourcecode.swift; path = TimeHelpers.swift; sourceTree = "<group>"; };
		652E7A9A28CE4C420054D6AB /* ItemDetailView.swift */ = {isa = PBXFileReference; lastKnownFileType = sourcecode.swift; path = ItemDetailView.swift; sourceTree = "<group>"; };
		657081DC28D8E44A006C568D /* SaveNine.entitlements */ = {isa = PBXFileReference; lastKnownFileType = text.plist.entitlements; path = SaveNine.entitlements; sourceTree = "<group>"; };
		657081DD28D8E460006C568D /* Info.plist */ = {isa = PBXFileReference; lastKnownFileType = text.plist.xml; path = Info.plist; sourceTree = "<group>"; };
		6589D3CB28CE1B2E00182F2B /* ItemListHeaderView.swift */ = {isa = PBXFileReference; lastKnownFileType = sourcecode.swift; path = ItemListHeaderView.swift; sourceTree = "<group>"; };
		6589D3CD28CE1D8A00182F2B /* ItemListRowView.swift */ = {isa = PBXFileReference; lastKnownFileType = sourcecode.swift; path = ItemListRowView.swift; sourceTree = "<group>"; };
		65D2314128CD552E00A91A47 /* SaveNine.app */ = {isa = PBXFileReference; explicitFileType = wrapper.application; includeInIndex = 0; path = SaveNine.app; sourceTree = BUILT_PRODUCTS_DIR; };
		65D2314428CD552E00A91A47 /* SaveNineApp.swift */ = {isa = PBXFileReference; lastKnownFileType = sourcecode.swift; path = SaveNineApp.swift; sourceTree = "<group>"; };
		65D2314628CD552E00A91A47 /* ContentView.swift */ = {isa = PBXFileReference; lastKnownFileType = sourcecode.swift; path = ContentView.swift; sourceTree = "<group>"; };
		65D2314828CD552F00A91A47 /* Assets.xcassets */ = {isa = PBXFileReference; lastKnownFileType = folder.assetcatalog; path = Assets.xcassets; sourceTree = "<group>"; };
		65D2314B28CD552F00A91A47 /* Preview Assets.xcassets */ = {isa = PBXFileReference; lastKnownFileType = folder.assetcatalog; path = "Preview Assets.xcassets"; sourceTree = "<group>"; };
		65D2315328CD553F00A91A47 /* Main.xcdatamodel */ = {isa = PBXFileReference; lastKnownFileType = wrapper.xcdatamodel; path = Main.xcdatamodel; sourceTree = "<group>"; };
		65D2315528CD590900A91A47 /* Project-CoreDataHelpers.swift */ = {isa = PBXFileReference; lastKnownFileType = sourcecode.swift; path = "Project-CoreDataHelpers.swift"; sourceTree = "<group>"; };
		65D2315728CD598A00A91A47 /* ItemList-CoreDataHelpers.swift */ = {isa = PBXFileReference; lastKnownFileType = sourcecode.swift; path = "ItemList-CoreDataHelpers.swift"; sourceTree = "<group>"; };
		65D2315928CD59F200A91A47 /* Item-CoreDataHelpers.swift */ = {isa = PBXFileReference; lastKnownFileType = sourcecode.swift; path = "Item-CoreDataHelpers.swift"; sourceTree = "<group>"; };
		65D2315B28CD5A1B00A91A47 /* DataController.swift */ = {isa = PBXFileReference; lastKnownFileType = sourcecode.swift; path = DataController.swift; sourceTree = "<group>"; };
		65D2315D28CD5B3B00A91A47 /* ProjectsView.swift */ = {isa = PBXFileReference; lastKnownFileType = sourcecode.swift; path = ProjectsView.swift; sourceTree = "<group>"; };
		65D2316128CD6ED700A91A47 /* ProjectDetailView.swift */ = {isa = PBXFileReference; lastKnownFileType = sourcecode.swift; path = ProjectDetailView.swift; sourceTree = "<group>"; };
		65DD023A28D121AD00567676 /* PhotoPickerView.swift */ = {isa = PBXFileReference; lastKnownFileType = sourcecode.swift; path = PhotoPickerView.swift; sourceTree = "<group>"; };
		65DD023E28D1318800567676 /* DocumentHelpers.swift */ = {isa = PBXFileReference; lastKnownFileType = sourcecode.swift; path = DocumentHelpers.swift; sourceTree = "<group>"; };
/* End PBXFileReference section */

/* Begin PBXFrameworksBuildPhase section */
		65D2313E28CD552E00A91A47 /* Frameworks */ = {
			isa = PBXFrameworksBuildPhase;
			buildActionMask = 2147483647;
			files = (
			);
			runOnlyForDeploymentPostprocessing = 0;
		};
/* End PBXFrameworksBuildPhase section */

/* Begin PBXGroup section */
		65D2313828CD552E00A91A47 = {
			isa = PBXGroup;
			children = (
				65D2314328CD552E00A91A47 /* SaveNine */,
				65D2314228CD552E00A91A47 /* Products */,
			);
			sourceTree = "<group>";
		};
		65D2314228CD552E00A91A47 /* Products */ = {
			isa = PBXGroup;
			children = (
				65D2314128CD552E00A91A47 /* SaveNine.app */,
			);
			name = Products;
			sourceTree = "<group>";
		};
		65D2314328CD552E00A91A47 /* SaveNine */ = {
			isa = PBXGroup;
			children = (
				657081DD28D8E460006C568D /* Info.plist */,
				657081DC28D8E44A006C568D /* SaveNine.entitlements */,
				65D2314428CD552E00A91A47 /* SaveNineApp.swift */,
				65D2314628CD552E00A91A47 /* ContentView.swift */,
				65D2315D28CD5B3B00A91A47 /* ProjectsView.swift */,
				65D2316128CD6ED700A91A47 /* ProjectDetailView.swift */,
				65DD023A28D121AD00567676 /* PhotoPickerView.swift */,
				652AE94F28D6550E0001294F /* TrackerView.swift */,
				652D025728D79F9000F818E7 /* TimerView.swift */,
				652D025128D7476000F818E7 /* DigitView.swift */,
				652D025528D79DA300F818E7 /* SessionsView.swift */,
				6589D3CB28CE1B2E00182F2B /* ItemListHeaderView.swift */,
				6589D3CD28CE1D8A00182F2B /* ItemListRowView.swift */,
				652E7A9A28CE4C420054D6AB /* ItemDetailView.swift */,
				65D2315228CD553F00A91A47 /* Main.xcdatamodeld */,
				65D2315B28CD5A1B00A91A47 /* DataController.swift */,
				65DD023E28D1318800567676 /* DocumentHelpers.swift */,
				652D025928D7D3FB00F818E7 /* TimeHelpers.swift */,
				65D2315528CD590900A91A47 /* Project-CoreDataHelpers.swift */,
				65D2315728CD598A00A91A47 /* ItemList-CoreDataHelpers.swift */,
				65D2315928CD59F200A91A47 /* Item-CoreDataHelpers.swift */,
				65D2314828CD552F00A91A47 /* Assets.xcassets */,
				65D2314A28CD552F00A91A47 /* Preview Content */,
			);
			path = SaveNine;
			sourceTree = "<group>";
		};
		65D2314A28CD552F00A91A47 /* Preview Content */ = {
			isa = PBXGroup;
			children = (
				65D2314B28CD552F00A91A47 /* Preview Assets.xcassets */,
			);
			path = "Preview Content";
			sourceTree = "<group>";
		};
/* End PBXGroup section */

/* Begin PBXNativeTarget section */
		65D2314028CD552E00A91A47 /* SaveNine */ = {
			isa = PBXNativeTarget;
			buildConfigurationList = 65D2314F28CD552F00A91A47 /* Build configuration list for PBXNativeTarget "SaveNine" */;
			buildPhases = (
				65D2313D28CD552E00A91A47 /* Sources */,
				65D2313E28CD552E00A91A47 /* Frameworks */,
				65D2313F28CD552E00A91A47 /* Resources */,
			);
			buildRules = (
			);
			dependencies = (
			);
			name = SaveNine;
			productName = SaveNine;
			productReference = 65D2314128CD552E00A91A47 /* SaveNine.app */;
			productType = "com.apple.product-type.application";
		};
/* End PBXNativeTarget section */

/* Begin PBXProject section */
		65D2313928CD552E00A91A47 /* Project object */ = {
			isa = PBXProject;
			attributes = {
				BuildIndependentTargetsInParallel = 1;
				LastSwiftUpdateCheck = 1400;
				LastUpgradeCheck = 1400;
				TargetAttributes = {
					65D2314028CD552E00A91A47 = {
						CreatedOnToolsVersion = 14.0;
					};
				};
			};
			buildConfigurationList = 65D2313C28CD552E00A91A47 /* Build configuration list for PBXProject "SaveNine" */;
			compatibilityVersion = "Xcode 14.0";
			developmentRegion = en;
			hasScannedForEncodings = 0;
			knownRegions = (
				en,
				Base,
			);
			mainGroup = 65D2313828CD552E00A91A47;
			productRefGroup = 65D2314228CD552E00A91A47 /* Products */;
			projectDirPath = "";
			projectRoot = "";
			targets = (
				65D2314028CD552E00A91A47 /* SaveNine */,
			);
		};
/* End PBXProject section */

/* Begin PBXResourcesBuildPhase section */
		65D2313F28CD552E00A91A47 /* Resources */ = {
			isa = PBXResourcesBuildPhase;
			buildActionMask = 2147483647;
			files = (
				65D2314C28CD552F00A91A47 /* Preview Assets.xcassets in Resources */,
				65D2314928CD552F00A91A47 /* Assets.xcassets in Resources */,
			);
			runOnlyForDeploymentPostprocessing = 0;
		};
/* End PBXResourcesBuildPhase section */

/* Begin PBXSourcesBuildPhase section */
		65D2313D28CD552E00A91A47 /* Sources */ = {
			isa = PBXSourcesBuildPhase;
			buildActionMask = 2147483647;
			files = (
				652D025828D79F9000F818E7 /* TimerView.swift in Sources */,
				652E7A9B28CE4C420054D6AB /* ItemDetailView.swift in Sources */,
				65D2315C28CD5A1B00A91A47 /* DataController.swift in Sources */,
				65D2315428CD553F00A91A47 /* Main.xcdatamodeld in Sources */,
				65D2316228CD6ED700A91A47 /* ProjectDetailView.swift in Sources */,
				65D2315E28CD5B3B00A91A47 /* ProjectsView.swift in Sources */,
				6589D3CE28CE1D8A00182F2B /* ItemListRowView.swift in Sources */,
				65D2314728CD552E00A91A47 /* ContentView.swift in Sources */,
				65D2315628CD590900A91A47 /* Project-CoreDataHelpers.swift in Sources */,
				652D025628D79DA300F818E7 /* SessionsView.swift in Sources */,
				652AE95028D6550E0001294F /* TrackerView.swift in Sources */,
				65DD023F28D1318800567676 /* DocumentHelpers.swift in Sources */,
				652D025228D7476000F818E7 /* DigitView.swift in Sources */,
				65D2315828CD598A00A91A47 /* ItemList-CoreDataHelpers.swift in Sources */,
				652D025A28D7D3FB00F818E7 /* TimeHelpers.swift in Sources */,
				65D2314528CD552E00A91A47 /* SaveNineApp.swift in Sources */,
				6589D3CC28CE1B2E00182F2B /* ItemListHeaderView.swift in Sources */,
				65DD023B28D121AD00567676 /* PhotoPickerView.swift in Sources */,
				65D2315A28CD59F200A91A47 /* Item-CoreDataHelpers.swift in Sources */,
			);
			runOnlyForDeploymentPostprocessing = 0;
		};
/* End PBXSourcesBuildPhase section */

/* Begin XCBuildConfiguration section */
		65D2314D28CD552F00A91A47 /* Debug */ = {
			isa = XCBuildConfiguration;
			buildSettings = {
				ALWAYS_SEARCH_USER_PATHS = NO;
				CLANG_ANALYZER_NONNULL = YES;
				CLANG_ANALYZER_NUMBER_OBJECT_CONVERSION = YES_AGGRESSIVE;
				CLANG_CXX_LANGUAGE_STANDARD = "gnu++20";
				CLANG_ENABLE_MODULES = YES;
				CLANG_ENABLE_OBJC_ARC = YES;
				CLANG_ENABLE_OBJC_WEAK = YES;
				CLANG_WARN_BLOCK_CAPTURE_AUTORELEASING = YES;
				CLANG_WARN_BOOL_CONVERSION = YES;
				CLANG_WARN_COMMA = YES;
				CLANG_WARN_CONSTANT_CONVERSION = YES;
				CLANG_WARN_DEPRECATED_OBJC_IMPLEMENTATIONS = YES;
				CLANG_WARN_DIRECT_OBJC_ISA_USAGE = YES_ERROR;
				CLANG_WARN_DOCUMENTATION_COMMENTS = YES;
				CLANG_WARN_EMPTY_BODY = YES;
				CLANG_WARN_ENUM_CONVERSION = YES;
				CLANG_WARN_INFINITE_RECURSION = YES;
				CLANG_WARN_INT_CONVERSION = YES;
				CLANG_WARN_NON_LITERAL_NULL_CONVERSION = YES;
				CLANG_WARN_OBJC_IMPLICIT_RETAIN_SELF = YES;
				CLANG_WARN_OBJC_LITERAL_CONVERSION = YES;
				CLANG_WARN_OBJC_ROOT_CLASS = YES_ERROR;
				CLANG_WARN_QUOTED_INCLUDE_IN_FRAMEWORK_HEADER = YES;
				CLANG_WARN_RANGE_LOOP_ANALYSIS = YES;
				CLANG_WARN_STRICT_PROTOTYPES = YES;
				CLANG_WARN_SUSPICIOUS_MOVE = YES;
				CLANG_WARN_UNGUARDED_AVAILABILITY = YES_AGGRESSIVE;
				CLANG_WARN_UNREACHABLE_CODE = YES;
				CLANG_WARN__DUPLICATE_METHOD_MATCH = YES;
				COPY_PHASE_STRIP = NO;
				DEBUG_INFORMATION_FORMAT = dwarf;
				ENABLE_STRICT_OBJC_MSGSEND = YES;
				ENABLE_TESTABILITY = YES;
				GCC_C_LANGUAGE_STANDARD = gnu11;
				GCC_DYNAMIC_NO_PIC = NO;
				GCC_NO_COMMON_BLOCKS = YES;
				GCC_OPTIMIZATION_LEVEL = 0;
				GCC_PREPROCESSOR_DEFINITIONS = (
					"DEBUG=1",
					"$(inherited)",
				);
				GCC_WARN_64_TO_32_BIT_CONVERSION = YES;
				GCC_WARN_ABOUT_RETURN_TYPE = YES_ERROR;
				GCC_WARN_UNDECLARED_SELECTOR = YES;
				GCC_WARN_UNINITIALIZED_AUTOS = YES_AGGRESSIVE;
				GCC_WARN_UNUSED_FUNCTION = YES;
				GCC_WARN_UNUSED_VARIABLE = YES;
				IPHONEOS_DEPLOYMENT_TARGET = 16.0;
				MTL_ENABLE_DEBUG_INFO = INCLUDE_SOURCE;
				MTL_FAST_MATH = YES;
				ONLY_ACTIVE_ARCH = YES;
				SDKROOT = iphoneos;
				SWIFT_ACTIVE_COMPILATION_CONDITIONS = DEBUG;
				SWIFT_OPTIMIZATION_LEVEL = "-Onone";
			};
			name = Debug;
		};
		65D2314E28CD552F00A91A47 /* Release */ = {
			isa = XCBuildConfiguration;
			buildSettings = {
				ALWAYS_SEARCH_USER_PATHS = NO;
				CLANG_ANALYZER_NONNULL = YES;
				CLANG_ANALYZER_NUMBER_OBJECT_CONVERSION = YES_AGGRESSIVE;
				CLANG_CXX_LANGUAGE_STANDARD = "gnu++20";
				CLANG_ENABLE_MODULES = YES;
				CLANG_ENABLE_OBJC_ARC = YES;
				CLANG_ENABLE_OBJC_WEAK = YES;
				CLANG_WARN_BLOCK_CAPTURE_AUTORELEASING = YES;
				CLANG_WARN_BOOL_CONVERSION = YES;
				CLANG_WARN_COMMA = YES;
				CLANG_WARN_CONSTANT_CONVERSION = YES;
				CLANG_WARN_DEPRECATED_OBJC_IMPLEMENTATIONS = YES;
				CLANG_WARN_DIRECT_OBJC_ISA_USAGE = YES_ERROR;
				CLANG_WARN_DOCUMENTATION_COMMENTS = YES;
				CLANG_WARN_EMPTY_BODY = YES;
				CLANG_WARN_ENUM_CONVERSION = YES;
				CLANG_WARN_INFINITE_RECURSION = YES;
				CLANG_WARN_INT_CONVERSION = YES;
				CLANG_WARN_NON_LITERAL_NULL_CONVERSION = YES;
				CLANG_WARN_OBJC_IMPLICIT_RETAIN_SELF = YES;
				CLANG_WARN_OBJC_LITERAL_CONVERSION = YES;
				CLANG_WARN_OBJC_ROOT_CLASS = YES_ERROR;
				CLANG_WARN_QUOTED_INCLUDE_IN_FRAMEWORK_HEADER = YES;
				CLANG_WARN_RANGE_LOOP_ANALYSIS = YES;
				CLANG_WARN_STRICT_PROTOTYPES = YES;
				CLANG_WARN_SUSPICIOUS_MOVE = YES;
				CLANG_WARN_UNGUARDED_AVAILABILITY = YES_AGGRESSIVE;
				CLANG_WARN_UNREACHABLE_CODE = YES;
				CLANG_WARN__DUPLICATE_METHOD_MATCH = YES;
				COPY_PHASE_STRIP = NO;
				DEBUG_INFORMATION_FORMAT = "dwarf-with-dsym";
				ENABLE_NS_ASSERTIONS = NO;
				ENABLE_STRICT_OBJC_MSGSEND = YES;
				GCC_C_LANGUAGE_STANDARD = gnu11;
				GCC_NO_COMMON_BLOCKS = YES;
				GCC_WARN_64_TO_32_BIT_CONVERSION = YES;
				GCC_WARN_ABOUT_RETURN_TYPE = YES_ERROR;
				GCC_WARN_UNDECLARED_SELECTOR = YES;
				GCC_WARN_UNINITIALIZED_AUTOS = YES_AGGRESSIVE;
				GCC_WARN_UNUSED_FUNCTION = YES;
				GCC_WARN_UNUSED_VARIABLE = YES;
				IPHONEOS_DEPLOYMENT_TARGET = 16.0;
				MTL_ENABLE_DEBUG_INFO = NO;
				MTL_FAST_MATH = YES;
				SDKROOT = iphoneos;
				SWIFT_COMPILATION_MODE = wholemodule;
				SWIFT_OPTIMIZATION_LEVEL = "-O";
				VALIDATE_PRODUCT = YES;
			};
			name = Release;
		};
		65D2315028CD552F00A91A47 /* Debug */ = {
			isa = XCBuildConfiguration;
			buildSettings = {
				ASSETCATALOG_COMPILER_APPICON_NAME = AppIcon;
				ASSETCATALOG_COMPILER_GLOBAL_ACCENT_COLOR_NAME = AccentColor;
				CODE_SIGN_ENTITLEMENTS = SaveNine/SaveNine.entitlements;
				CODE_SIGN_STYLE = Automatic;
				CURRENT_PROJECT_VERSION = 1;
				DEVELOPMENT_ASSET_PATHS = "\"SaveNine/Preview Content\"";
				DEVELOPMENT_TEAM = 7YY7893TQJ;
				ENABLE_PREVIEWS = YES;
				GENERATE_INFOPLIST_FILE = YES;
				INFOPLIST_FILE = SaveNine/Info.plist;
				INFOPLIST_KEY_CFBundleDisplayName = "Save Nine";
				INFOPLIST_KEY_LSApplicationCategoryType = "public.app-category.productivity";
				INFOPLIST_KEY_UIApplicationSceneManifest_Generation = YES;
				INFOPLIST_KEY_UIApplicationSupportsIndirectInputEvents = YES;
				INFOPLIST_KEY_UILaunchScreen_Generation = YES;
				INFOPLIST_KEY_UISupportedInterfaceOrientations = UIInterfaceOrientationPortrait;
				INFOPLIST_KEY_UISupportedInterfaceOrientations_iPad = "UIInterfaceOrientationLandscapeLeft UIInterfaceOrientationLandscapeRight UIInterfaceOrientationPortrait UIInterfaceOrientationPortraitUpsideDown";
				LD_RUNPATH_SEARCH_PATHS = (
					"$(inherited)",
					"@executable_path/Frameworks",
				);
				MARKETING_VERSION = 1.0;
				PRODUCT_BUNDLE_IDENTIFIER = com.pawpawpixel.SaveNine;
				PRODUCT_NAME = "$(TARGET_NAME)";
				SWIFT_EMIT_LOC_STRINGS = YES;
				SWIFT_VERSION = 5.0;
				TARGETED_DEVICE_FAMILY = "1,2";
			};
			name = Debug;
		};
		65D2315128CD552F00A91A47 /* Release */ = {
			isa = XCBuildConfiguration;
			buildSettings = {
				ASSETCATALOG_COMPILER_APPICON_NAME = AppIcon;
				ASSETCATALOG_COMPILER_GLOBAL_ACCENT_COLOR_NAME = AccentColor;
				CODE_SIGN_ENTITLEMENTS = SaveNine/SaveNine.entitlements;
				CODE_SIGN_STYLE = Automatic;
				CURRENT_PROJECT_VERSION = 1;
				DEVELOPMENT_ASSET_PATHS = "\"SaveNine/Preview Content\"";
				DEVELOPMENT_TEAM = 7YY7893TQJ;
				ENABLE_PREVIEWS = YES;
				GENERATE_INFOPLIST_FILE = YES;
				INFOPLIST_FILE = SaveNine/Info.plist;
				INFOPLIST_KEY_CFBundleDisplayName = "Save Nine";
				INFOPLIST_KEY_LSApplicationCategoryType = "public.app-category.productivity";
				INFOPLIST_KEY_UIApplicationSceneManifest_Generation = YES;
				INFOPLIST_KEY_UIApplicationSupportsIndirectInputEvents = YES;
				INFOPLIST_KEY_UILaunchScreen_Generation = YES;
				INFOPLIST_KEY_UISupportedInterfaceOrientations = UIInterfaceOrientationPortrait;
				INFOPLIST_KEY_UISupportedInterfaceOrientations_iPad = "UIInterfaceOrientationLandscapeLeft UIInterfaceOrientationLandscapeRight UIInterfaceOrientationPortrait UIInterfaceOrientationPortraitUpsideDown";
				LD_RUNPATH_SEARCH_PATHS = (
					"$(inherited)",
					"@executable_path/Frameworks",
				);
				MARKETING_VERSION = 1.0;
				PRODUCT_BUNDLE_IDENTIFIER = com.pawpawpixel.SaveNine;
				PRODUCT_NAME = "$(TARGET_NAME)";
				SWIFT_EMIT_LOC_STRINGS = YES;
				SWIFT_VERSION = 5.0;
				TARGETED_DEVICE_FAMILY = "1,2";
			};
			name = Release;
		};
/* End XCBuildConfiguration section */

/* Begin XCConfigurationList section */
		65D2313C28CD552E00A91A47 /* Build configuration list for PBXProject "SaveNine" */ = {
			isa = XCConfigurationList;
			buildConfigurations = (
				65D2314D28CD552F00A91A47 /* Debug */,
				65D2314E28CD552F00A91A47 /* Release */,
			);
			defaultConfigurationIsVisible = 0;
			defaultConfigurationName = Release;
		};
		65D2314F28CD552F00A91A47 /* Build configuration list for PBXNativeTarget "SaveNine" */ = {
			isa = XCConfigurationList;
			buildConfigurations = (
				65D2315028CD552F00A91A47 /* Debug */,
				65D2315128CD552F00A91A47 /* Release */,
			);
			defaultConfigurationIsVisible = 0;
			defaultConfigurationName = Release;
		};
/* End XCConfigurationList section */

/* Begin XCVersionGroup section */
		65D2315228CD553F00A91A47 /* Main.xcdatamodeld */ = {
			isa = XCVersionGroup;
			children = (
				65D2315328CD553F00A91A47 /* Main.xcdatamodel */,
			);
			currentVersion = 65D2315328CD553F00A91A47 /* Main.xcdatamodel */;
			path = Main.xcdatamodeld;
			sourceTree = "<group>";
			versionGroupType = wrapper.xcdatamodel;
		};
/* End XCVersionGroup section */
	};
	rootObject = 65D2313928CD552E00A91A47 /* Project object */;
}
